// !$*UTF8*$!
{
	archiveVersion = 1;
	classes = {
	};
	objectVersion = 54;
	objects = {

/* Begin PBXAggregateTarget section */
		926D2EB11D64670200E69CD3 /* Set up Softphone framework */ = {
			isa = PBXAggregateTarget;
			buildConfigurationList = 926D2EB21D64670200E69CD3 /* Build configuration list for PBXAggregateTarget "Set up Softphone framework" */;
			buildPhases = (
				926D2EB51D64670B00E69CD3 /* ShellScript */,
			);
			dependencies = (
			);
			name = "Set up Softphone framework";
			productName = "Set up Softphone framework";
		};
/* End PBXAggregateTarget section */

/* Begin PBXBuildFile section */
		1D3623260D0F684500981E51 /* demophoneAppDelegate.mm in Sources */ = {isa = PBXBuildFile; fileRef = 1D3623250D0F684500981E51 /* demophoneAppDelegate.mm */; };
		1D60589B0D05DD56006BFB54 /* main.mm in Sources */ = {isa = PBXBuildFile; fileRef = 29B97316FDCFA39411CA2CEA /* main.mm */; };
		1D60589F0D05DD5A006BFB54 /* Foundation.framework in Frameworks */ = {isa = PBXBuildFile; fileRef = 1D30AB110D05D00D00671497 /* Foundation.framework */; };
		1DF5F4E00D08C38300B7A737 /* UIKit.framework in Frameworks */ = {isa = PBXBuildFile; fileRef = 1DF5F4DF0D08C38300B7A737 /* UIKit.framework */; };
		288765A50DF7441C002DB57D /* CoreGraphics.framework in Frameworks */ = {isa = PBXBuildFile; fileRef = 288765A40DF7441C002DB57D /* CoreGraphics.framework */; };
		28D7ACF80DDB3853001CB0EB /* RegViewController.mm in Sources */ = {isa = PBXBuildFile; fileRef = 28D7ACF70DDB3853001CB0EB /* RegViewController.mm */; };
		2C0D1706233E87000079D195 /* tonesDefaults.xml in Resources */ = {isa = PBXBuildFile; fileRef = 2C0D1705233E87000079D195 /* tonesDefaults.xml */; };
		2CBCD84D2773A0A3001D4630 /* UserNotifications.framework in Frameworks */ = {isa = PBXBuildFile; fileRef = 2CBCD84C2773A0A3001D4630 /* UserNotifications.framework */; };
		2CC20EAA1F025E9300868D99 /* NSDictionary+XML.mm in Sources */ = {isa = PBXBuildFile; fileRef = 2CC20EA91F025E9300868D99 /* NSDictionary+XML.mm */; };
		480DA2BA154857B800CAF882 /* AVFoundation.framework in Frameworks */ = {isa = PBXBuildFile; fileRef = 48FEC76A11E7883B00D125F4 /* AVFoundation.framework */; };
		48138F7F116A9AC300D474F0 /* dm.wav in Resources */ = {isa = PBXBuildFile; fileRef = 48138F7D116A9AC300D474F0 /* dm.wav */; };
		48138F80116A9AC300D474F0 /* dd.wav in Resources */ = {isa = PBXBuildFile; fileRef = 48138F7E116A9AC300D474F0 /* dd.wav */; };
		481391E2116AA2F000D474F0 /* rp.wav in Resources */ = {isa = PBXBuildFile; fileRef = 481391E1116AA2F000D474F0 /* rp.wav */; };
		481D2E74179EA557005FEA65 /* buildNumber.cpp in Sources */ = {isa = PBXBuildFile; fileRef = 481D2E72179EA557005FEA65 /* buildNumber.cpp */; };
		4839D2B21547483B00048DB1 /* CallViewController.mm in Sources */ = {isa = PBXBuildFile; fileRef = 4839D2B11547483B00048DB1 /* CallViewController.mm */; };
		484B4B68154B478600DBD7E4 /* NSString+RegState.mm in Sources */ = {isa = PBXBuildFile; fileRef = 484B4B67154B478500DBD7E4 /* NSString+RegState.mm */; };
		48511538116293680051577E /* AddressBook.framework in Frameworks */ = {isa = PBXBuildFile; fileRef = 48511537116293680051577E /* AddressBook.framework */; };
		4851153A116293680051577E /* AddressBookUI.framework in Frameworks */ = {isa = PBXBuildFile; fileRef = 48511539116293680051577E /* AddressBookUI.framework */; };
		4851153C116293680051577E /* CFNetwork.framework in Frameworks */ = {isa = PBXBuildFile; fileRef = 4851153B116293680051577E /* CFNetwork.framework */; };
		48511576116294D10051577E /* MediaPlayer.framework in Frameworks */ = {isa = PBXBuildFile; fileRef = 48511575116294D10051577E /* MediaPlayer.framework */; };
		485117FA11640B870051577E /* SoftphoneObserverProxy.mm in Sources */ = {isa = PBXBuildFile; fileRef = 485117F911640B870051577E /* SoftphoneObserverProxy.mm */; };
		48592D72115FF15F00246D12 /* AudioToolbox.framework in Frameworks */ = {isa = PBXBuildFile; fileRef = 48592D71115FF15F00246D12 /* AudioToolbox.framework */; };
		485E9CD8154702AB00A00C82 /* demophone.storyboard in Resources */ = {isa = PBXBuildFile; fileRef = 485E9CD7154702AB00A00C82 /* demophone.storyboard */; };
		48D5EDE618CE7A3E000ABCAC /* Accelerate.framework in Frameworks */ = {isa = PBXBuildFile; fileRef = 48D5EDE518CE7A3E000ABCAC /* Accelerate.framework */; };
		48DF6E4F13C7015800113EEF /* CallDataSource.mm in Sources */ = {isa = PBXBuildFile; fileRef = 48DF6E4B13C7015800113EEF /* CallDataSource.mm */; };
		48DF6E5013C7015800113EEF /* NSString+CallState.mm in Sources */ = {isa = PBXBuildFile; fileRef = 48DF6E4C13C7015800113EEF /* NSString+CallState.mm */; };
		5755BF3522031A720028A7ED /* MessageAttachment.jpg in Resources */ = {isa = PBXBuildFile; fileRef = 5755BF3422031A720028A7ED /* MessageAttachment.jpg */; };
		921B4E511BBC2100001F0A37 /* PushKit.framework in Frameworks */ = {isa = PBXBuildFile; fileRef = 921B4E501BBC2100001F0A37 /* PushKit.framework */; settings = {ATTRIBUTES = (Weak, ); }; };
		9290E8101D64985800195D12 /* CoreTelephony.framework in Frameworks */ = {isa = PBXBuildFile; fileRef = 92F671751A8A5327009E3732 /* CoreTelephony.framework */; };
		929EAAA41E0888230004F9E0 /* CallKit.framework in Frameworks */ = {isa = PBXBuildFile; fileRef = 929EAAA31E0888230004F9E0 /* CallKit.framework */; settings = {ATTRIBUTES = (Weak, ); }; };
		92F6716E1A8A51A9009E3732 /* Security.framework in Frameworks */ = {isa = PBXBuildFile; fileRef = 92F6716D1A8A51A9009E3732 /* Security.framework */; };
		92F671701A8A51B0009E3732 /* CoreText.framework in Frameworks */ = {isa = PBXBuildFile; fileRef = 92F6716F1A8A51B0009E3732 /* CoreText.framework */; };
		92F671721A8A51C8009E3732 /* SystemConfiguration.framework in Frameworks */ = {isa = PBXBuildFile; fileRef = 92F671711A8A51C8009E3732 /* SystemConfiguration.framework */; };
		92F671851A8A8943009E3732 /* QuartzCore.framework in Frameworks */ = {isa = PBXBuildFile; fileRef = 92F671841A8A8943009E3732 /* QuartzCore.framework */; };
		92F6718B1A8ABBC4009E3732 /* CoreMedia.framework in Frameworks */ = {isa = PBXBuildFile; fileRef = 92F671821A8A891E009E3732 /* CoreMedia.framework */; };
		92F6718C1A8ABBCC009E3732 /* CoreVideo.framework in Frameworks */ = {isa = PBXBuildFile; fileRef = 92F671801A8A8907009E3732 /* CoreVideo.framework */; };
		92F671C31A8E0615009E3732 /* VideoToolbox.framework in Frameworks */ = {isa = PBXBuildFile; fileRef = 92F671C21A8E0615009E3732 /* VideoToolbox.framework */; };
		C222BB9D2A84C423002CE5F3 /* Launch Screen.storyboard in Resources */ = {isa = PBXBuildFile; fileRef = C222BB9C2A84C423002CE5F3 /* Launch Screen.storyboard */; };
		C24C92AE2D4281BC00DBD598 /* eliseb.wav in Resources */ = {isa = PBXBuildFile; fileRef = C24C92AD2D4281BC00DBD598 /* eliseb.wav */; };
		C2551FC62A8E4E030032E967 /* TargetPickerViewController.mm in Sources */ = {isa = PBXBuildFile; fileRef = C2551FC52A8E4E030032E967 /* TargetPickerViewController.mm */; };
		C2551FC92A8E636B0032E967 /* UIViewController+Alert.mm in Sources */ = {isa = PBXBuildFile; fileRef = C2551FC82A8E636B0032E967 /* UIViewController+Alert.mm */; };
		C2EB572F2A150C8D000DDC13 /* provisioning.xml in Resources */ = {isa = PBXBuildFile; fileRef = C2EB572E2A150C8D000DDC13 /* provisioning.xml */; };
		F12B12032D7EEC6F004DA860 /* Softphone.xcframework in Frameworks */ = {isa = PBXBuildFile; fileRef = F12B12022D7EEC6F004DA860 /* Softphone.xcframework */; };
		F12B12042D7EEC6F004DA860 /* Softphone.xcframework in Embed Frameworks */ = {isa = PBXBuildFile; fileRef = F12B12022D7EEC6F004DA860 /* Softphone.xcframework */; settings = {ATTRIBUTES = (CodeSignOnCopy, RemoveHeadersOnCopy, ); }; };
/* End PBXBuildFile section */

/* Begin PBXContainerItemProxy section */
		926D2EB61D64671200E69CD3 /* PBXContainerItemProxy */ = {
			isa = PBXContainerItemProxy;
			containerPortal = 29B97313FDCFA39411CA2CEA /* Project object */;
			proxyType = 1;
			remoteGlobalIDString = 926D2EB11D64670200E69CD3;
			remoteInfo = "Set up Softphone framework";
		};
/* End PBXContainerItemProxy section */

/* Begin PBXCopyFilesBuildPhase section */
		F12B12052D7EEC6F004DA860 /* Embed Frameworks */ = {
			isa = PBXCopyFilesBuildPhase;
			buildActionMask = 2147483647;
			dstPath = "";
			dstSubfolderSpec = 10;
			files = (
				F12B12042D7EEC6F004DA860 /* Softphone.xcframework in Embed Frameworks */,
			);
			name = "Embed Frameworks";
			runOnlyForDeploymentPostprocessing = 0;
		};
/* End PBXCopyFilesBuildPhase section */

/* Begin PBXFileReference section */
		1D30AB110D05D00D00671497 /* Foundation.framework */ = {isa = PBXFileReference; lastKnownFileType = wrapper.framework; name = Foundation.framework; path = System/Library/Frameworks/Foundation.framework; sourceTree = SDKROOT; };
		1D3623240D0F684500981E51 /* demophoneAppDelegate.h */ = {isa = PBXFileReference; fileEncoding = 4; lastKnownFileType = sourcecode.c.h; path = demophoneAppDelegate.h; sourceTree = "<group>"; };
		1D3623250D0F684500981E51 /* demophoneAppDelegate.mm */ = {isa = PBXFileReference; fileEncoding = 4; lastKnownFileType = sourcecode.cpp.objcpp; path = demophoneAppDelegate.mm; sourceTree = "<group>"; };
		1D6058910D05DD3D006BFB54 /* demophone.app */ = {isa = PBXFileReference; explicitFileType = wrapper.application; includeInIndex = 0; path = demophone.app; sourceTree = BUILT_PRODUCTS_DIR; };
		1DF5F4DF0D08C38300B7A737 /* UIKit.framework */ = {isa = PBXFileReference; lastKnownFileType = wrapper.framework; name = UIKit.framework; path = System/Library/Frameworks/UIKit.framework; sourceTree = SDKROOT; };
		288765A40DF7441C002DB57D /* CoreGraphics.framework */ = {isa = PBXFileReference; lastKnownFileType = wrapper.framework; name = CoreGraphics.framework; path = System/Library/Frameworks/CoreGraphics.framework; sourceTree = SDKROOT; };
		28D7ACF70DDB3853001CB0EB /* RegViewController.mm */ = {isa = PBXFileReference; fileEncoding = 4; lastKnownFileType = sourcecode.cpp.objcpp; path = RegViewController.mm; sourceTree = "<group>"; };
		29B97316FDCFA39411CA2CEA /* main.mm */ = {isa = PBXFileReference; fileEncoding = 4; lastKnownFileType = sourcecode.cpp.objcpp; path = main.mm; sourceTree = "<group>"; };
		2C0D1705233E87000079D195 /* tonesDefaults.xml */ = {isa = PBXFileReference; lastKnownFileType = text.xml; path = tonesDefaults.xml; sourceTree = "<group>"; };
		2CBCD84C2773A0A3001D4630 /* UserNotifications.framework */ = {isa = PBXFileReference; lastKnownFileType = wrapper.framework; name = UserNotifications.framework; path = System/Library/Frameworks/UserNotifications.framework; sourceTree = SDKROOT; };
		2CC20EA81F025E9300868D99 /* NSDictionary+XML.h */ = {isa = PBXFileReference; fileEncoding = 4; lastKnownFileType = sourcecode.c.h; path = "NSDictionary+XML.h"; sourceTree = "<group>"; };
		2CC20EA91F025E9300868D99 /* NSDictionary+XML.mm */ = {isa = PBXFileReference; fileEncoding = 4; lastKnownFileType = sourcecode.cpp.objcpp; path = "NSDictionary+XML.mm"; sourceTree = "<group>"; };
		32CA4F630368D1EE00C91783 /* demophone_Prefix.pch */ = {isa = PBXFileReference; fileEncoding = 4; lastKnownFileType = sourcecode.c.h; path = demophone_Prefix.pch; sourceTree = "<group>"; };
		480DA2BB15489CB800CAF882 /* VideoViewController.h */ = {isa = PBXFileReference; fileEncoding = 4; lastKnownFileType = sourcecode.c.h; path = VideoViewController.h; sourceTree = "<group>"; };
		480DA2BC15489CB900CAF882 /* VideoViewController.mm */ = {isa = PBXFileReference; fileEncoding = 4; lastKnownFileType = sourcecode.cpp.objcpp; path = VideoViewController.mm; sourceTree = "<group>"; };
		48138F7D116A9AC300D474F0 /* dm.wav */ = {isa = PBXFileReference; lastKnownFileType = audio.wav; path = dm.wav; sourceTree = "<group>"; };
		48138F7E116A9AC300D474F0 /* dd.wav */ = {isa = PBXFileReference; lastKnownFileType = audio.wav; path = dd.wav; sourceTree = "<group>"; };
		481391E1116AA2F000D474F0 /* rp.wav */ = {isa = PBXFileReference; lastKnownFileType = audio.wav; path = rp.wav; sourceTree = "<group>"; };
		481D2E72179EA557005FEA65 /* buildNumber.cpp */ = {isa = PBXFileReference; fileEncoding = 4; lastKnownFileType = sourcecode.cpp.cpp; name = buildNumber.cpp; path = Classes/buildNumber.cpp; sourceTree = "<group>"; };
		4839D2B01547473D00048DB1 /* RegViewController.h */ = {isa = PBXFileReference; fileEncoding = 4; lastKnownFileType = sourcecode.c.h; path = RegViewController.h; sourceTree = "<group>"; };
		4839D2B11547483B00048DB1 /* CallViewController.mm */ = {isa = PBXFileReference; fileEncoding = 4; lastKnownFileType = sourcecode.cpp.objcpp; path = CallViewController.mm; sourceTree = "<group>"; };
		484B4B66154B478500DBD7E4 /* NSString+RegState.h */ = {isa = PBXFileReference; fileEncoding = 4; lastKnownFileType = sourcecode.c.h; path = "NSString+RegState.h"; sourceTree = "<group>"; };
		484B4B67154B478500DBD7E4 /* NSString+RegState.mm */ = {isa = PBXFileReference; fileEncoding = 4; lastKnownFileType = sourcecode.cpp.objcpp; path = "NSString+RegState.mm"; sourceTree = "<group>"; };
		48511537116293680051577E /* AddressBook.framework */ = {isa = PBXFileReference; lastKnownFileType = wrapper.framework; name = AddressBook.framework; path = System/Library/Frameworks/AddressBook.framework; sourceTree = SDKROOT; };
		48511539116293680051577E /* AddressBookUI.framework */ = {isa = PBXFileReference; lastKnownFileType = wrapper.framework; name = AddressBookUI.framework; path = System/Library/Frameworks/AddressBookUI.framework; sourceTree = SDKROOT; };
		4851153B116293680051577E /* CFNetwork.framework */ = {isa = PBXFileReference; lastKnownFileType = wrapper.framework; name = CFNetwork.framework; path = System/Library/Frameworks/CFNetwork.framework; sourceTree = SDKROOT; };
		48511575116294D10051577E /* MediaPlayer.framework */ = {isa = PBXFileReference; lastKnownFileType = wrapper.framework; name = MediaPlayer.framework; path = System/Library/Frameworks/MediaPlayer.framework; sourceTree = SDKROOT; };
		485117F811640B870051577E /* SoftphoneObserverProxy.h */ = {isa = PBXFileReference; fileEncoding = 4; lastKnownFileType = sourcecode.c.h; path = SoftphoneObserverProxy.h; sourceTree = "<group>"; };
		485117F911640B870051577E /* SoftphoneObserverProxy.mm */ = {isa = PBXFileReference; fileEncoding = 4; lastKnownFileType = sourcecode.cpp.objcpp; path = SoftphoneObserverProxy.mm; sourceTree = "<group>"; };
		485117FB11640C750051577E /* SoftphoneDelegate.h */ = {isa = PBXFileReference; fileEncoding = 4; lastKnownFileType = sourcecode.c.h; path = SoftphoneDelegate.h; sourceTree = "<group>"; };
		48592D71115FF15F00246D12 /* AudioToolbox.framework */ = {isa = PBXFileReference; lastKnownFileType = wrapper.framework; name = AudioToolbox.framework; path = System/Library/Frameworks/AudioToolbox.framework; sourceTree = SDKROOT; };
		485E9CD61546F3A500A00C82 /* CallViewController.h */ = {isa = PBXFileReference; fileEncoding = 4; lastKnownFileType = sourcecode.c.h; path = CallViewController.h; sourceTree = "<group>"; };
		485E9CD7154702AB00A00C82 /* demophone.storyboard */ = {isa = PBXFileReference; fileEncoding = 4; lastKnownFileType = file.storyboard; path = demophone.storyboard; sourceTree = "<group>"; };
		48D5EDE518CE7A3E000ABCAC /* Accelerate.framework */ = {isa = PBXFileReference; lastKnownFileType = wrapper.framework; name = Accelerate.framework; path = System/Library/Frameworks/Accelerate.framework; sourceTree = SDKROOT; };
		48DF6E4B13C7015800113EEF /* CallDataSource.mm */ = {isa = PBXFileReference; fileEncoding = 4; lastKnownFileType = sourcecode.cpp.objcpp; path = CallDataSource.mm; sourceTree = "<group>"; };
		48DF6E4C13C7015800113EEF /* NSString+CallState.mm */ = {isa = PBXFileReference; fileEncoding = 4; lastKnownFileType = sourcecode.cpp.objcpp; path = "NSString+CallState.mm"; sourceTree = "<group>"; };
		48DF6E4D13C7015800113EEF /* NSString+CallState.h */ = {isa = PBXFileReference; fileEncoding = 4; lastKnownFileType = sourcecode.c.h; path = "NSString+CallState.h"; sourceTree = "<group>"; };
		48DF6E4E13C7015800113EEF /* CallDataSource.h */ = {isa = PBXFileReference; fileEncoding = 4; lastKnownFileType = sourcecode.c.h; path = CallDataSource.h; sourceTree = "<group>"; };
		48FEC76A11E7883B00D125F4 /* AVFoundation.framework */ = {isa = PBXFileReference; lastKnownFileType = wrapper.framework; name = AVFoundation.framework; path = System/Library/Frameworks/AVFoundation.framework; sourceTree = SDKROOT; };
		5755BF3422031A720028A7ED /* MessageAttachment.jpg */ = {isa = PBXFileReference; lastKnownFileType = image.jpeg; path = MessageAttachment.jpg; sourceTree = "<group>"; };
		8D1107310486CEB800E47090 /* demophone-Info.plist */ = {isa = PBXFileReference; fileEncoding = 4; lastKnownFileType = text.plist.xml; path = "demophone-Info.plist"; plistStructureDefinitionIdentifier = "com.apple.xcode.plist.structure-definition.iphone.info-plist"; sourceTree = "<group>"; };
		921B4E501BBC2100001F0A37 /* PushKit.framework */ = {isa = PBXFileReference; lastKnownFileType = wrapper.framework; name = PushKit.framework; path = System/Library/Frameworks/PushKit.framework; sourceTree = SDKROOT; };
		924C0F801C051FA500F656B2 /* libz.tbd */ = {isa = PBXFileReference; lastKnownFileType = "sourcecode.text-based-dylib-definition"; name = libz.tbd; path = usr/lib/libz.tbd; sourceTree = SDKROOT; };
		924DC2E91D8705B1000F5409 /* demophone.entitlements */ = {isa = PBXFileReference; lastKnownFileType = text.plist.entitlements; path = demophone.entitlements; sourceTree = "<group>"; };
		929EAAA31E0888230004F9E0 /* CallKit.framework */ = {isa = PBXFileReference; lastKnownFileType = wrapper.framework; name = CallKit.framework; path = System/Library/Frameworks/CallKit.framework; sourceTree = SDKROOT; };
		92F6716D1A8A51A9009E3732 /* Security.framework */ = {isa = PBXFileReference; lastKnownFileType = wrapper.framework; name = Security.framework; path = System/Library/Frameworks/Security.framework; sourceTree = SDKROOT; };
		92F6716F1A8A51B0009E3732 /* CoreText.framework */ = {isa = PBXFileReference; lastKnownFileType = wrapper.framework; name = CoreText.framework; path = System/Library/Frameworks/CoreText.framework; sourceTree = SDKROOT; };
		92F671711A8A51C8009E3732 /* SystemConfiguration.framework */ = {isa = PBXFileReference; lastKnownFileType = wrapper.framework; name = SystemConfiguration.framework; path = System/Library/Frameworks/SystemConfiguration.framework; sourceTree = SDKROOT; };
		92F671751A8A5327009E3732 /* CoreTelephony.framework */ = {isa = PBXFileReference; lastKnownFileType = wrapper.framework; name = CoreTelephony.framework; path = System/Library/Frameworks/CoreTelephony.framework; sourceTree = SDKROOT; };
		92F671801A8A8907009E3732 /* CoreVideo.framework */ = {isa = PBXFileReference; lastKnownFileType = wrapper.framework; name = CoreVideo.framework; path = System/Library/Frameworks/CoreVideo.framework; sourceTree = SDKROOT; };
		92F671821A8A891E009E3732 /* CoreMedia.framework */ = {isa = PBXFileReference; lastKnownFileType = wrapper.framework; name = CoreMedia.framework; path = System/Library/Frameworks/CoreMedia.framework; sourceTree = SDKROOT; };
		92F671841A8A8943009E3732 /* QuartzCore.framework */ = {isa = PBXFileReference; lastKnownFileType = wrapper.framework; name = QuartzCore.framework; path = System/Library/Frameworks/QuartzCore.framework; sourceTree = SDKROOT; };
		92F671C21A8E0615009E3732 /* VideoToolbox.framework */ = {isa = PBXFileReference; lastKnownFileType = wrapper.framework; name = VideoToolbox.framework; path = System/Library/Frameworks/VideoToolbox.framework; sourceTree = SDKROOT; };
		C222BB9C2A84C423002CE5F3 /* Launch Screen.storyboard */ = {isa = PBXFileReference; lastKnownFileType = file.storyboard; path = "Launch Screen.storyboard"; sourceTree = "<group>"; };
		C24C92AD2D4281BC00DBD598 /* eliseb.wav */ = {isa = PBXFileReference; lastKnownFileType = audio.wav; path = eliseb.wav; sourceTree = "<group>"; };
		C2551FC42A8E4E030032E967 /* TargetPickerViewController.h */ = {isa = PBXFileReference; lastKnownFileType = sourcecode.c.h; path = TargetPickerViewController.h; sourceTree = "<group>"; };
		C2551FC52A8E4E030032E967 /* TargetPickerViewController.mm */ = {isa = PBXFileReference; lastKnownFileType = sourcecode.cpp.objcpp; path = TargetPickerViewController.mm; sourceTree = "<group>"; };
		C2551FC72A8E636B0032E967 /* UIViewController+Alert.h */ = {isa = PBXFileReference; lastKnownFileType = sourcecode.c.h; path = "UIViewController+Alert.h"; sourceTree = "<group>"; };
		C2551FC82A8E636B0032E967 /* UIViewController+Alert.mm */ = {isa = PBXFileReference; lastKnownFileType = sourcecode.cpp.objcpp; path = "UIViewController+Alert.mm"; sourceTree = "<group>"; };
		C2B05B152A8BAA9F008D2EDF /* CallRedirectionDelegate.h */ = {isa = PBXFileReference; lastKnownFileType = sourcecode.c.h; path = CallRedirectionDelegate.h; sourceTree = "<group>"; };
		C2EB572E2A150C8D000DDC13 /* provisioning.xml */ = {isa = PBXFileReference; fileEncoding = 4; lastKnownFileType = text.xml; path = provisioning.xml; sourceTree = "<group>"; };
		F12B12022D7EEC6F004DA860 /* Softphone.xcframework */ = {isa = PBXFileReference; lastKnownFileType = wrapper.xcframework; name = Softphone.xcframework; path = Debug/Softphone.xcframework; sourceTree = "<group>"; };
/* End PBXFileReference section */

/* Begin PBXFrameworksBuildPhase section */
		1D60588F0D05DD3D006BFB54 /* Frameworks */ = {
			isa = PBXFrameworksBuildPhase;
			buildActionMask = 2147483647;
			files = (
				2CBCD84D2773A0A3001D4630 /* UserNotifications.framework in Frameworks */,
				929EAAA41E0888230004F9E0 /* CallKit.framework in Frameworks */,
				F12B12032D7EEC6F004DA860 /* Softphone.xcframework in Frameworks */,
				9290E8101D64985800195D12 /* CoreTelephony.framework in Frameworks */,
				921B4E511BBC2100001F0A37 /* PushKit.framework in Frameworks */,
				92F671C31A8E0615009E3732 /* VideoToolbox.framework in Frameworks */,
				92F671701A8A51B0009E3732 /* CoreText.framework in Frameworks */,
				92F6718C1A8ABBCC009E3732 /* CoreVideo.framework in Frameworks */,
				92F6718B1A8ABBC4009E3732 /* CoreMedia.framework in Frameworks */,
				92F671851A8A8943009E3732 /* QuartzCore.framework in Frameworks */,
				92F671721A8A51C8009E3732 /* SystemConfiguration.framework in Frameworks */,
				92F6716E1A8A51A9009E3732 /* Security.framework in Frameworks */,
				48D5EDE618CE7A3E000ABCAC /* Accelerate.framework in Frameworks */,
				480DA2BA154857B800CAF882 /* AVFoundation.framework in Frameworks */,
				1D60589F0D05DD5A006BFB54 /* Foundation.framework in Frameworks */,
				1DF5F4E00D08C38300B7A737 /* UIKit.framework in Frameworks */,
				288765A50DF7441C002DB57D /* CoreGraphics.framework in Frameworks */,
				48592D72115FF15F00246D12 /* AudioToolbox.framework in Frameworks */,
				48511538116293680051577E /* AddressBook.framework in Frameworks */,
				4851153A116293680051577E /* AddressBookUI.framework in Frameworks */,
				4851153C116293680051577E /* CFNetwork.framework in Frameworks */,
				48511576116294D10051577E /* MediaPlayer.framework in Frameworks */,
			);
			runOnlyForDeploymentPostprocessing = 0;
		};
/* End PBXFrameworksBuildPhase section */

/* Begin PBXGroup section */
		080E96DDFE201D6D7F000001 /* Classes */ = {
			isa = PBXGroup;
			children = (
				48DF6E4E13C7015800113EEF /* CallDataSource.h */,
				48DF6E4B13C7015800113EEF /* CallDataSource.mm */,
				485E9CD61546F3A500A00C82 /* CallViewController.h */,
				4839D2B11547483B00048DB1 /* CallViewController.mm */,
				1D3623240D0F684500981E51 /* demophoneAppDelegate.h */,
				1D3623250D0F684500981E51 /* demophoneAppDelegate.mm */,
				2CC20EA81F025E9300868D99 /* NSDictionary+XML.h */,
				2CC20EA91F025E9300868D99 /* NSDictionary+XML.mm */,
				48DF6E4D13C7015800113EEF /* NSString+CallState.h */,
				48DF6E4C13C7015800113EEF /* NSString+CallState.mm */,
				484B4B66154B478500DBD7E4 /* NSString+RegState.h */,
				484B4B67154B478500DBD7E4 /* NSString+RegState.mm */,
				4839D2B01547473D00048DB1 /* RegViewController.h */,
				28D7ACF70DDB3853001CB0EB /* RegViewController.mm */,
				485117FB11640C750051577E /* SoftphoneDelegate.h */,
				485117F811640B870051577E /* SoftphoneObserverProxy.h */,
				485117F911640B870051577E /* SoftphoneObserverProxy.mm */,
				480DA2BB15489CB800CAF882 /* VideoViewController.h */,
				480DA2BC15489CB900CAF882 /* VideoViewController.mm */,
				C2B05B152A8BAA9F008D2EDF /* CallRedirectionDelegate.h */,
				C2551FC42A8E4E030032E967 /* TargetPickerViewController.h */,
				C2551FC52A8E4E030032E967 /* TargetPickerViewController.mm */,
				C2551FC72A8E636B0032E967 /* UIViewController+Alert.h */,
				C2551FC82A8E636B0032E967 /* UIViewController+Alert.mm */,
			);
			path = Classes;
			sourceTree = "<group>";
		};
		19C28FACFE9D520D11CA2CBB /* Products */ = {
			isa = PBXGroup;
			children = (
				1D6058910D05DD3D006BFB54 /* demophone.app */,
			);
			name = Products;
			sourceTree = "<group>";
		};
		29B97314FDCFA39411CA2CEA /* CustomTemplate */ = {
			isa = PBXGroup;
			children = (
				924DC2E91D8705B1000F5409 /* demophone.entitlements */,
				080E96DDFE201D6D7F000001 /* Classes */,
				29B97315FDCFA39411CA2CEA /* Other Sources */,
				29B97317FDCFA39411CA2CEA /* Resources */,
				29B97323FDCFA39411CA2CEA /* Frameworks */,
				19C28FACFE9D520D11CA2CBB /* Products */,
			);
			name = CustomTemplate;
			sourceTree = "<group>";
		};
		29B97315FDCFA39411CA2CEA /* Other Sources */ = {
			isa = PBXGroup;
			children = (
				32CA4F630368D1EE00C91783 /* demophone_Prefix.pch */,
				29B97316FDCFA39411CA2CEA /* main.mm */,
				481D2E72179EA557005FEA65 /* buildNumber.cpp */,
			);
			name = "Other Sources";
			sourceTree = "<group>";
		};
		29B97317FDCFA39411CA2CEA /* Resources */ = {
			isa = PBXGroup;
			children = (
				C2EB572E2A150C8D000DDC13 /* provisioning.xml */,
				5755BF3122030F530028A7ED /* img */,
				48138F7B116A9AA900D474F0 /* snd */,
				8D1107310486CEB800E47090 /* demophone-Info.plist */,
				485E9CD7154702AB00A00C82 /* demophone.storyboard */,
				2C0D1705233E87000079D195 /* tonesDefaults.xml */,
				C222BB9C2A84C423002CE5F3 /* Launch Screen.storyboard */,
			);
			name = Resources;
			sourceTree = "<group>";
		};
		29B97323FDCFA39411CA2CEA /* Frameworks */ = {
			isa = PBXGroup;
			children = (
				F12B12022D7EEC6F004DA860 /* Softphone.xcframework */,
				2CBCD84C2773A0A3001D4630 /* UserNotifications.framework */,
				929EAAA31E0888230004F9E0 /* CallKit.framework */,
				924C0F801C051FA500F656B2 /* libz.tbd */,
				921B4E501BBC2100001F0A37 /* PushKit.framework */,
				92F671C21A8E0615009E3732 /* VideoToolbox.framework */,
				92F671841A8A8943009E3732 /* QuartzCore.framework */,
				92F671821A8A891E009E3732 /* CoreMedia.framework */,
				92F671801A8A8907009E3732 /* CoreVideo.framework */,
				92F671751A8A5327009E3732 /* CoreTelephony.framework */,
				92F671711A8A51C8009E3732 /* SystemConfiguration.framework */,
				92F6716F1A8A51B0009E3732 /* CoreText.framework */,
				92F6716D1A8A51A9009E3732 /* Security.framework */,
				48D5EDE518CE7A3E000ABCAC /* Accelerate.framework */,
				1DF5F4DF0D08C38300B7A737 /* UIKit.framework */,
				1D30AB110D05D00D00671497 /* Foundation.framework */,
				288765A40DF7441C002DB57D /* CoreGraphics.framework */,
				48592D71115FF15F00246D12 /* AudioToolbox.framework */,
				48511537116293680051577E /* AddressBook.framework */,
				48511539116293680051577E /* AddressBookUI.framework */,
				4851153B116293680051577E /* CFNetwork.framework */,
				48511575116294D10051577E /* MediaPlayer.framework */,
				48FEC76A11E7883B00D125F4 /* AVFoundation.framework */,
			);
			name = Frameworks;
			path = ../Frameworks;
			sourceTree = "<group>";
		};
		48138F7B116A9AA900D474F0 /* snd */ = {
			isa = PBXGroup;
			children = (
				C24C92AD2D4281BC00DBD598 /* eliseb.wav */,
				481391E1116AA2F000D474F0 /* rp.wav */,
				48138F7D116A9AC300D474F0 /* dm.wav */,
				48138F7E116A9AC300D474F0 /* dd.wav */,
			);
			path = snd;
			sourceTree = "<group>";
		};
		5755BF3122030F530028A7ED /* img */ = {
			isa = PBXGroup;
			children = (
				5755BF3422031A720028A7ED /* MessageAttachment.jpg */,
			);
			path = img;
			sourceTree = "<group>";
		};
/* End PBXGroup section */

/* Begin PBXNativeTarget section */
		1D6058900D05DD3D006BFB54 /* demophone */ = {
			isa = PBXNativeTarget;
			buildConfigurationList = 1D6058960D05DD3E006BFB54 /* Build configuration list for PBXNativeTarget "demophone" */;
			buildPhases = (
				1D60588D0D05DD3D006BFB54 /* Resources */,
				1D60588E0D05DD3D006BFB54 /* Sources */,
				1D60588F0D05DD3D006BFB54 /* Frameworks */,
				F12B12052D7EEC6F004DA860 /* Embed Frameworks */,
			);
			buildRules = (
			);
			dependencies = (
				926D2EB71D64671200E69CD3 /* PBXTargetDependency */,
			);
			name = demophone;
			productName = demophone;
			productReference = 1D6058910D05DD3D006BFB54 /* demophone.app */;
			productType = "com.apple.product-type.application";
		};
/* End PBXNativeTarget section */

/* Begin PBXProject section */
		29B97313FDCFA39411CA2CEA /* Project object */ = {
			isa = PBXProject;
			attributes = {
				LastUpgradeCheck = 0830;
				TargetAttributes = {
					1D6058900D05DD3D006BFB54 = {
						DevelopmentTeam = NH3365YY44;
						ProvisioningStyle = Manual;
						SystemCapabilities = {
							com.apple.Keychain = {
								enabled = 1;
							};
							com.apple.Push = {
								enabled = 1;
							};
						};
					};
					926D2EB11D64670200E69CD3 = {
						CreatedOnToolsVersion = 7.3.1;
					};
				};
			};
			buildConfigurationList = C01FCF4E08A954540054247B /* Build configuration list for PBXProject "demophone" */;
			compatibilityVersion = "Xcode 10.0";
			developmentRegion = English;
			hasScannedForEncodings = 1;
			knownRegions = (
				English,
				Japanese,
				French,
				German,
			);
			mainGroup = 29B97314FDCFA39411CA2CEA /* CustomTemplate */;
			projectDirPath = "";
			projectRoot = "";
			targets = (
				1D6058900D05DD3D006BFB54 /* demophone */,
				926D2EB11D64670200E69CD3 /* Set up Softphone framework */,
			);
		};
/* End PBXProject section */

/* Begin PBXResourcesBuildPhase section */
		1D60588D0D05DD3D006BFB54 /* Resources */ = {
			isa = PBXResourcesBuildPhase;
			buildActionMask = 2147483647;
			files = (
				48138F7F116A9AC300D474F0 /* dm.wav in Resources */,
				C24C92AE2D4281BC00DBD598 /* eliseb.wav in Resources */,
				48138F80116A9AC300D474F0 /* dd.wav in Resources */,
				C222BB9D2A84C423002CE5F3 /* Launch Screen.storyboard in Resources */,
				C2EB572F2A150C8D000DDC13 /* provisioning.xml in Resources */,
				481391E2116AA2F000D474F0 /* rp.wav in Resources */,
				485E9CD8154702AB00A00C82 /* demophone.storyboard in Resources */,
				5755BF3522031A720028A7ED /* MessageAttachment.jpg in Resources */,
				2C0D1706233E87000079D195 /* tonesDefaults.xml in Resources */,
			);
			runOnlyForDeploymentPostprocessing = 0;
		};
/* End PBXResourcesBuildPhase section */

/* Begin PBXShellScriptBuildPhase section */
		926D2EB51D64670B00E69CD3 /* ShellScript */ = {
			isa = PBXShellScriptBuildPhase;
			buildActionMask = 2147483647;
			files = (
			);
			inputPaths = (
			);
			outputPaths = (
				"$(SRCROOT)/../Frameworks/Softphone.framework",
			);
			runOnlyForDeploymentPostprocessing = 0;
			shellPath = /bin/sh;
			shellScript = "# this assumes the app will have \"Debug\" and \"Release\" configurations. It creates a symlink\n# ACTIVE which leads to Debug or Release Softphone framework. The framework from ACTIVE directory\n# will then be embedded into the resulting .app\n#rm -rf ../Frameworks/Softphone.xcframework\n#cp -r ../Frameworks/${CONFIGURATION}/Softphone.xcframework ../Frameworks/Softphone.xcframework\n";
		};
/* End PBXShellScriptBuildPhase section */

/* Begin PBXSourcesBuildPhase section */
		1D60588E0D05DD3D006BFB54 /* Sources */ = {
			isa = PBXSourcesBuildPhase;
			buildActionMask = 2147483647;
			files = (
				1D60589B0D05DD56006BFB54 /* main.mm in Sources */,
				1D3623260D0F684500981E51 /* demophoneAppDelegate.mm in Sources */,
				C2551FC92A8E636B0032E967 /* UIViewController+Alert.mm in Sources */,
				28D7ACF80DDB3853001CB0EB /* RegViewController.mm in Sources */,
				485117FA11640B870051577E /* SoftphoneObserverProxy.mm in Sources */,
				48DF6E4F13C7015800113EEF /* CallDataSource.mm in Sources */,
				C2551FC62A8E4E030032E967 /* TargetPickerViewController.mm in Sources */,
				48DF6E5013C7015800113EEF /* NSString+CallState.mm in Sources */,
				2CC20EAA1F025E9300868D99 /* NSDictionary+XML.mm in Sources */,
				4839D2B21547483B00048DB1 /* CallViewController.mm in Sources */,
				484B4B68154B478600DBD7E4 /* NSString+RegState.mm in Sources */,
				481D2E74179EA557005FEA65 /* buildNumber.cpp in Sources */,
			);
			runOnlyForDeploymentPostprocessing = 0;
		};
/* End PBXSourcesBuildPhase section */

/* Begin PBXTargetDependency section */
		926D2EB71D64671200E69CD3 /* PBXTargetDependency */ = {
			isa = PBXTargetDependency;
			target = 926D2EB11D64670200E69CD3 /* Set up Softphone framework */;
			targetProxy = 926D2EB61D64671200E69CD3 /* PBXContainerItemProxy */;
		};
/* End PBXTargetDependency section */

/* Begin XCBuildConfiguration section */
		1D6058940D05DD3E006BFB54 /* Debug */ = {
			isa = XCBuildConfiguration;
			buildSettings = {
				ALWAYS_SEARCH_USER_PATHS = NO;
				CLANG_CXX_LANGUAGE_STANDARD = "c++20";
				CODE_SIGN_ENTITLEMENTS = demophone.entitlements;
				CODE_SIGN_IDENTITY = "iPhone Developer";
				"CODE_SIGN_IDENTITY[sdk=iphoneos*]" = "iPhone Developer";
				CODE_SIGN_STYLE = Manual;
				COPY_PHASE_STRIP = NO;
				CURRENT_PROJECT_VERSION = 1;
				DEVELOPMENT_TEAM = NH3365YY44;
				ENABLE_BITCODE = NO;
				FRAMEWORK_SEARCH_PATHS = ../Frameworks;
				GCC_ENABLE_CPP_RTTI = YES;
				GCC_INLINES_ARE_PRIVATE_EXTERN = NO;
				GCC_OBJC_CALL_CXX_CDTORS = YES;
				GCC_OPTIMIZATION_LEVEL = 0;
				GCC_PRECOMPILE_PREFIX_HEADER = YES;
				GCC_PREFIX_HEADER = demophone_Prefix.pch;
				GCC_SYMBOLS_PRIVATE_EXTERN = NO;
				INFOPLIST_FILE = "demophone-Info.plist";
				LD_RUNPATH_SEARCH_PATHS = (
					"$(inherited)",
					"@executable_path/Frameworks",
				);
				MARKETING_VERSION = 1.0.2;
				OTHER_LDFLAGS = "";
				PRODUCT_BUNDLE_IDENTIFIER = cz.acrobits.softphone.demophone;
				PRODUCT_NAME = demophone;
				PROVISIONING_PROFILE_SPECIFIER = "Demophone devel";
				SDKROOT = iphoneos;
			};
			name = Debug;
		};
		1D6058950D05DD3E006BFB54 /* Release */ = {
			isa = XCBuildConfiguration;
			buildSettings = {
				ALWAYS_SEARCH_USER_PATHS = NO;
				CLANG_CXX_LANGUAGE_STANDARD = "c++20";
				CODE_SIGN_ENTITLEMENTS = demophone.entitlements;
				"CODE_SIGN_IDENTITY[sdk=iphoneos*]" = "iPhone Developer";
				CODE_SIGN_STYLE = Manual;
				COPY_PHASE_STRIP = YES;
				CURRENT_PROJECT_VERSION = 1;
				DEVELOPMENT_TEAM = "";
				ENABLE_BITCODE = NO;
				FRAMEWORK_SEARCH_PATHS = ../Frameworks;
				GCC_ENABLE_CPP_RTTI = YES;
				GCC_INLINES_ARE_PRIVATE_EXTERN = NO;
				GCC_OBJC_CALL_CXX_CDTORS = YES;
				GCC_PRECOMPILE_PREFIX_HEADER = YES;
				GCC_PREFIX_HEADER = demophone_Prefix.pch;
				GCC_SYMBOLS_PRIVATE_EXTERN = NO;
				INFOPLIST_FILE = "demophone-Info.plist";
				LD_RUNPATH_SEARCH_PATHS = (
					"$(inherited)",
					"@executable_path/Frameworks",
				);
				MARKETING_VERSION = 1.0.2;
				OTHER_LDFLAGS = "";
				PRODUCT_BUNDLE_IDENTIFIER = cz.acrobits.softphone.demophone;
				PRODUCT_NAME = demophone;
				PROVISIONING_PROFILE = "";
				PROVISIONING_PROFILE_SPECIFIER = "";
				SDKROOT = iphoneos;
			};
			name = Release;
		};
		926D2EB31D64670200E69CD3 /* Debug */ = {
			isa = XCBuildConfiguration;
			buildSettings = {
				CLANG_CXX_LANGUAGE_STANDARD = "c++20";
				GCC_ENABLE_CPP_RTTI = NO;
				PRODUCT_NAME = "$(TARGET_NAME)";
			};
			name = Debug;
		};
		926D2EB41D64670200E69CD3 /* Release */ = {
			isa = XCBuildConfiguration;
			buildSettings = {
				CLANG_CXX_LANGUAGE_STANDARD = "c++20";
				GCC_ENABLE_CPP_RTTI = NO;
				PRODUCT_NAME = "$(TARGET_NAME)";
			};
			name = Release;
		};
		C01FCF4F08A954540054247B /* Debug */ = {
			isa = XCBuildConfiguration;
			buildSettings = {
				CLANG_ANALYZER_LOCALIZABILITY_NONLOCALIZED = YES;
				CLANG_CXX_LANGUAGE_STANDARD = "gnu++14";
				CLANG_CXX_LIBRARY = "libc++";
				CLANG_ENABLE_OBJC_ARC = YES;
				CLANG_WARN_BOOL_CONVERSION = YES;
				CLANG_WARN_CONSTANT_CONVERSION = YES;
				CLANG_WARN_EMPTY_BODY = YES;
				CLANG_WARN_ENUM_CONVERSION = YES;
				CLANG_WARN_INFINITE_RECURSION = YES;
				CLANG_WARN_INT_CONVERSION = YES;
				CLANG_WARN_SUSPICIOUS_MOVE = YES;
				CLANG_WARN_UNREACHABLE_CODE = YES;
				CLANG_WARN__DUPLICATE_METHOD_MATCH = YES;
				"CODE_SIGN_IDENTITY[sdk=iphoneos*]" = "iPhone Developer";
				ENABLE_STRICT_OBJC_MSGSEND = YES;
				ENABLE_TESTABILITY = YES;
				GCC_C_LANGUAGE_STANDARD = c99;
				GCC_NO_COMMON_BLOCKS = YES;
				GCC_PREPROCESSOR_DEFINITIONS = DEBUG;
				GCC_WARN_64_TO_32_BIT_CONVERSION = YES;
				GCC_WARN_ABOUT_RETURN_TYPE = YES;
				GCC_WARN_UNDECLARED_SELECTOR = YES;
				GCC_WARN_UNINITIALIZED_AUTOS = YES;
				GCC_WARN_UNUSED_FUNCTION = YES;
				GCC_WARN_UNUSED_VARIABLE = YES;
				IPHONEOS_DEPLOYMENT_TARGET = 14.0;
				LLVM_LTO = YES;
				ONLY_ACTIVE_ARCH = YES;
				OTHER_LDFLAGS = "";
				SDKROOT = iphoneos;
				USER_HEADER_SEARCH_PATHS = "";
			};
			name = Debug;
		};
		C01FCF5008A954540054247B /* Release */ = {
			isa = XCBuildConfiguration;
			buildSettings = {
				CLANG_ANALYZER_LOCALIZABILITY_NONLOCALIZED = YES;
				CLANG_CXX_LANGUAGE_STANDARD = "gnu++14";
				CLANG_CXX_LIBRARY = "libc++";
				CLANG_ENABLE_OBJC_ARC = YES;
				CLANG_WARN_BOOL_CONVERSION = YES;
				CLANG_WARN_CONSTANT_CONVERSION = YES;
				CLANG_WARN_EMPTY_BODY = YES;
				CLANG_WARN_ENUM_CONVERSION = YES;
				CLANG_WARN_INFINITE_RECURSION = YES;
				CLANG_WARN_INT_CONVERSION = YES;
				CLANG_WARN_SUSPICIOUS_MOVE = YES;
				CLANG_WARN_UNREACHABLE_CODE = YES;
				CLANG_WARN__DUPLICATE_METHOD_MATCH = YES;
				"CODE_SIGN_IDENTITY[sdk=iphoneos*]" = "iPhone Developer";
				ENABLE_STRICT_OBJC_MSGSEND = YES;
				GCC_C_LANGUAGE_STANDARD = c99;
				GCC_NO_COMMON_BLOCKS = YES;
				GCC_WARN_64_TO_32_BIT_CONVERSION = YES;
				GCC_WARN_ABOUT_RETURN_TYPE = YES;
				GCC_WARN_UNDECLARED_SELECTOR = YES;
				GCC_WARN_UNINITIALIZED_AUTOS = YES;
				GCC_WARN_UNUSED_FUNCTION = YES;
				GCC_WARN_UNUSED_VARIABLE = YES;
				IPHONEOS_DEPLOYMENT_TARGET = 14.0;
				LLVM_LTO = YES;
				OTHER_LDFLAGS = "";
				SDKROOT = iphoneos;
				USER_HEADER_SEARCH_PATHS = "";
			};
			name = Release;
		};
/* End XCBuildConfiguration section */

/* Begin XCConfigurationList section */
		1D6058960D05DD3E006BFB54 /* Build configuration list for PBXNativeTarget "demophone" */ = {
			isa = XCConfigurationList;
			buildConfigurations = (
				1D6058940D05DD3E006BFB54 /* Debug */,
				1D6058950D05DD3E006BFB54 /* Release */,
			);
			defaultConfigurationIsVisible = 0;
			defaultConfigurationName = Release;
		};
		926D2EB21D64670200E69CD3 /* Build configuration list for PBXAggregateTarget "Set up Softphone framework" */ = {
			isa = XCConfigurationList;
			buildConfigurations = (
				926D2EB31D64670200E69CD3 /* Debug */,
				926D2EB41D64670200E69CD3 /* Release */,
			);
			defaultConfigurationIsVisible = 0;
			defaultConfigurationName = Release;
		};
		C01FCF4E08A954540054247B /* Build configuration list for PBXProject "demophone" */ = {
			isa = XCConfigurationList;
			buildConfigurations = (
				C01FCF4F08A954540054247B /* Debug */,
				C01FCF5008A954540054247B /* Release */,
			);
			defaultConfigurationIsVisible = 0;
			defaultConfigurationName = Release;
		};
/* End XCConfigurationList section */
	};
	rootObject = 29B97313FDCFA39411CA2CEA /* Project object */;
}
