{
  "originHash" : "98165a1fb51c3f53e76f49adbc39c5f773a2b635e36d56022882e327af957e83",
  "pins" : [
    {
      "identity" : "softphoneswiftpackage-saas-video",
      "kind" : "remoteSourceControl",
      "location" : "https://github.com/acrobits/SoftphoneSwiftPackage-saas-video",
      "state" : {
        "revision" : "28c61d9935369adff82ef21ab4f36c7bab3ad5d3",
        "version" : "25.3.4"
      }
    },
    {
      "identity" : "swiftpackage-sipisprovider",
      "kind" : "remoteSourceControl",
      "location" : "https://github.com/acrobits/SwiftPackage-sipisprovider",
      "state" : {
        "revision" : "527ddf1678e29e08d957e13b3988a591aa3f0c93",
        "version" : "1.0.217058"
      }
    }
  ],
  "version" : 3
}
