{
  "originHash" : "3cc5b376a76f21f23a7aba2094983e8c7bcf80fd6b829875a5012f44533ed65e",
  "pins" : [
    {
      "identity" : "softphoneswiftpackage-saas",
      "kind" : "remoteSourceControl",
      "location" : "https://github.com/acrobits/SoftphoneSwiftPackage-saas.git",
      "state" : {
        "revision" : "8e8cc35d2fc859d282245e1c7c795ce791075281",
        "version" : "1.1.59"
      }
    },
    {
      "identity" : "swiftpackage-sipisprovider",
      "kind" : "remoteSourceControl",
      "location" : "https://github.com/acrobits/SwiftPackage-sipisprovider",
      "state" : {
        "revision" : "527ddf1678e29e08d957e13b3988a591aa3f0c93",
        "version" : "1.0.217058"
      }
    }
  ],
  "version" : 3
}
