{
  "originHash" : "3cc5b376a76f21f23a7aba2094983e8c7bcf80fd6b829875a5012f44533ed65e",
  "pins" : [
    {
      "identity" : "softphoneswiftpackage-saas",
      "kind" : "remoteSourceControl",
      "location" : "https://github.com/acrobits/SoftphoneSwiftPackage-saas.git",
      "state" : {
        "revision" : "c445d43f1fd154f9f76be85a8bd7cdaea2db3deb",
        "version" : "1.1.51"
      }
    },
    {
      "identity" : "swiftpackage-sipisprovider",
      "kind" : "remoteSourceControl",
      "location" : "https://github.com/acrobits/SwiftPackage-sipisprovider",
      "state" : {
        "revision" : "2ea86675b77434035521261e050c452f5ecce05a",
        "version" : "1.0.214789"
      }
    }
  ],
  "version" : 3
}
