// !$*UTF8*$!
{
	archiveVersion = 1;
	classes = {
	};
	objectVersion = 70;
	objects = {

/* Begin PBXBuildFile section */
		5757E69C2508D57F00DD3ED0 /* AppDelegate.swift in Sources */ = {isa = PBXBuildFile; fileRef = 5757E69B2508D57F00DD3ED0 /* AppDelegate.swift */; };
		5757E6A52508D58200DD3ED0 /* Assets.xcassets in Resources */ = {isa = PBXBuildFile; fileRef = 5757E6A42508D58200DD3ED0 /* Assets.xcassets */; };
		5757E6A82508D58200DD3ED0 /* LaunchScreen.storyboard in Resources */ = {isa = PBXBuildFile; fileRef = 5757E6A62508D58200DD3ED0 /* LaunchScreen.storyboard */; };
		C214B4F62EE1E680006B6B47 /* VideoScreenView.swift in Sources */ = {isa = PBXBuildFile; fileRef = C214B4F52EE1E680006B6B47 /* VideoScreenView.swift */; };
		C214B4F82EE1E68E006B6B47 /* VideoViewModel.swift in Sources */ = {isa = PBXBuildFile; fileRef = C214B4F72EE1E68E006B6B47 /* VideoViewModel.swift */; };
		C218F4712D0C64C6000FCA01 /* SwiftPackage-sipisprovider in Frameworks */ = {isa = PBXBuildFile; productRef = C218F4702D0C64C6000FCA01 /* SwiftPackage-sipisprovider */; };
		C22DA98D2EEABB5E00B68896 /* VideoViewRepresentable.swift in Sources */ = {isa = PBXBuildFile; fileRef = C22DA98C2EEABB5E00B68896 /* VideoViewRepresentable.swift */; };
		C2313D362C246B090053F635 /* DemoAppPushProvider.swift in Sources */ = {isa = PBXBuildFile; fileRef = C2313D352C246B090053F635 /* DemoAppPushProvider.swift */; };
		C2313D3B2C246D820053F635 /* BundleExtensions.swift in Sources */ = {isa = PBXBuildFile; fileRef = C2313D3A2C246D820053F635 /* BundleExtensions.swift */; };
		C234E3262535956600EFA519 /* RegViewController.swift in Sources */ = {isa = PBXBuildFile; fileRef = C234E3252535956600EFA519 /* RegViewController.swift */; };
		C234E3282535957E00EFA519 /* CallViewController.swift in Sources */ = {isa = PBXBuildFile; fileRef = C234E3272535957E00EFA519 /* CallViewController.swift */; };
		C23B19F3251E213F00984B08 /* Main.storyboard in Resources */ = {isa = PBXBuildFile; fileRef = C23B19F2251E213F00984B08 /* Main.storyboard */; };
		C24BF2672538485300692D0C /* CallsDataSource.swift in Sources */ = {isa = PBXBuildFile; fileRef = C24BF2662538485300692D0C /* CallsDataSource.swift */; };
		C24BF269253853F700692D0C /* Extensions.swift in Sources */ = {isa = PBXBuildFile; fileRef = C24BF268253853F700692D0C /* Extensions.swift */; };
		C24C92AC2D427E6E00DBD598 /* eliseb.wav in Resources */ = {isa = PBXBuildFile; fileRef = C24C92AB2D427E6E00DBD598 /* eliseb.wav */; };
		C28857162A8E787F00E048F2 /* TargetPickerViewController.swift in Sources */ = {isa = PBXBuildFile; fileRef = C28857152A8E787F00E048F2 /* TargetPickerViewController.swift */; };
		C2A2B2D22542C79E0056B21C /* PushKit.framework in Frameworks */ = {isa = PBXBuildFile; fileRef = C2A2B2D12542C79E0056B21C /* PushKit.framework */; settings = {ATTRIBUTES = (Weak, ); }; };
		C2AE94432EE9BB53009613CB /* VideoService.swift in Sources */ = {isa = PBXBuildFile; fileRef = C2AE94422EE9BB53009613CB /* VideoService.swift */; };
		C2BF95EA2EF47B9E00307AD4 /* SoftphoneSwiftPackage-saas-video in Frameworks */ = {isa = PBXBuildFile; productRef = C2BF95E92EF47B9E00307AD4 /* SoftphoneSwiftPackage-saas-video */; };
		C2C3BEE02C1ACDBD0024838A /* NetworkExtension.framework in Frameworks */ = {isa = PBXBuildFile; fileRef = C2C3BEDF2C1ACDBD0024838A /* NetworkExtension.framework */; };
		C2C3BEE32C1ACDBD0024838A /* AppProxyProvider.swift in Sources */ = {isa = PBXBuildFile; fileRef = C2C3BEE22C1ACDBD0024838A /* AppProxyProvider.swift */; };
		C2C3BEE82C1ACDBD0024838A /* NetworkExtensionSwiftPhone.appex in Embed Foundation Extensions */ = {isa = PBXBuildFile; fileRef = C2C3BEDE2C1ACDBD0024838A /* NetworkExtensionSwiftPhone.appex */; settings = {ATTRIBUTES = (RemoveHeadersOnCopy, ); }; };
		C2C3BEEF2C1AEE050024838A /* NEAppPushManagerHandler.swift in Sources */ = {isa = PBXBuildFile; fileRef = C2C3BEEE2C1AEE050024838A /* NEAppPushManagerHandler.swift */; };
		C2C3BEF12C1AEE190024838A /* NEAppPushManagerConfig.swift in Sources */ = {isa = PBXBuildFile; fileRef = C2C3BEF02C1AEE190024838A /* NEAppPushManagerConfig.swift */; };
		C2E9E54A2EF078800023D7FE /* VideoPreviewRepresentable.swift in Sources */ = {isa = PBXBuildFile; fileRef = C2E9E5492EF078800023D7FE /* VideoPreviewRepresentable.swift */; };
		C2EB572D2A14E797000DDC13 /* provisioning.xml in Resources */ = {isa = PBXBuildFile; fileRef = C2EB572C2A14E797000DDC13 /* provisioning.xml */; };
		C2ED35DF25640C3E00891CA1 /* rp.wav in Resources */ = {isa = PBXBuildFile; fileRef = C2ED35DC25640C3E00891CA1 /* rp.wav */; };
		C2ED35E025640C3E00891CA1 /* dm.wav in Resources */ = {isa = PBXBuildFile; fileRef = C2ED35DD25640C3E00891CA1 /* dm.wav */; };
		C2ED35E125640C3E00891CA1 /* dd.wav in Resources */ = {isa = PBXBuildFile; fileRef = C2ED35DE25640C3E00891CA1 /* dd.wav */; };
		C2F000072C61F96C002E643C /* AudioRoutePickerProxy.swift in Sources */ = {isa = PBXBuildFile; fileRef = C2F000062C61F96B002E643C /* AudioRoutePickerProxy.swift */; };
		C2FE6A1825449697009FB20D /* CallKit.framework in Frameworks */ = {isa = PBXBuildFile; fileRef = C2FE6A1725449697009FB20D /* CallKit.framework */; settings = {ATTRIBUTES = (Weak, ); }; };
		C2FE6A1A2544969C009FB20D /* CoreTelephony.framework in Frameworks */ = {isa = PBXBuildFile; fileRef = C2FE6A192544969C009FB20D /* CoreTelephony.framework */; };
		C2FE6A1C254496AC009FB20D /* VideoToolbox.framework in Frameworks */ = {isa = PBXBuildFile; fileRef = C2FE6A1B254496AC009FB20D /* VideoToolbox.framework */; };
		C2FE6A1E254496B1009FB20D /* CoreText.framework in Frameworks */ = {isa = PBXBuildFile; fileRef = C2FE6A1D254496B1009FB20D /* CoreText.framework */; };
		C2FE6A20254496B9009FB20D /* CoreVideo.framework in Frameworks */ = {isa = PBXBuildFile; fileRef = C2FE6A1F254496B9009FB20D /* CoreVideo.framework */; };
		C2FE6A22254496BF009FB20D /* CoreMedia.framework in Frameworks */ = {isa = PBXBuildFile; fileRef = C2FE6A21254496BF009FB20D /* CoreMedia.framework */; };
		C2FE6A24254496C8009FB20D /* QuartzCore.framework in Frameworks */ = {isa = PBXBuildFile; fileRef = C2FE6A23254496C8009FB20D /* QuartzCore.framework */; };
		C2FE6A26254496CD009FB20D /* SystemConfiguration.framework in Frameworks */ = {isa = PBXBuildFile; fileRef = C2FE6A25254496CD009FB20D /* SystemConfiguration.framework */; };
		C2FE6A28254496D7009FB20D /* Security.framework in Frameworks */ = {isa = PBXBuildFile; fileRef = C2FE6A27254496D7009FB20D /* Security.framework */; };
		C2FE6A2A254496DD009FB20D /* Accelerate.framework in Frameworks */ = {isa = PBXBuildFile; fileRef = C2FE6A29254496DC009FB20D /* Accelerate.framework */; };
		C2FE6A2C254496E6009FB20D /* AVFoundation.framework in Frameworks */ = {isa = PBXBuildFile; fileRef = C2FE6A2B254496E5009FB20D /* AVFoundation.framework */; };
		C2FE6A2E254496EB009FB20D /* Foundation.framework in Frameworks */ = {isa = PBXBuildFile; fileRef = C2FE6A2D254496EB009FB20D /* Foundation.framework */; };
		C2FE6A30254496F4009FB20D /* UIKit.framework in Frameworks */ = {isa = PBXBuildFile; fileRef = C2FE6A2F254496F4009FB20D /* UIKit.framework */; };
		C2FE6A32254496F9009FB20D /* CoreGraphics.framework in Frameworks */ = {isa = PBXBuildFile; fileRef = C2FE6A31254496F9009FB20D /* CoreGraphics.framework */; };
		C2FE6A3425449701009FB20D /* AudioToolbox.framework in Frameworks */ = {isa = PBXBuildFile; fileRef = C2FE6A3325449701009FB20D /* AudioToolbox.framework */; };
		C2FE6A3A2544972B009FB20D /* CFNetwork.framework in Frameworks */ = {isa = PBXBuildFile; fileRef = C2FE6A392544972A009FB20D /* CFNetwork.framework */; };
		C2FE6A3C25449730009FB20D /* MediaPlayer.framework in Frameworks */ = {isa = PBXBuildFile; fileRef = C2FE6A3B25449730009FB20D /* MediaPlayer.framework */; };
		C2FE6A3E2544975B009FB20D /* libz.tbd in Frameworks */ = {isa = PBXBuildFile; fileRef = C2FE6A3D2544975B009FB20D /* libz.tbd */; };
		C2FE6A4025449797009FB20D /* UserNotifications.framework in Frameworks */ = {isa = PBXBuildFile; fileRef = C2FE6A3F25449797009FB20D /* UserNotifications.framework */; };
		C2FE6A42254497BD009FB20D /* libicucore.tbd in Frameworks */ = {isa = PBXBuildFile; fileRef = C2FE6A41254497BD009FB20D /* libicucore.tbd */; };
		C2FE6A60254499D3009FB20D /* Contacts.framework in Frameworks */ = {isa = PBXBuildFile; fileRef = C2FE6A5F254499D3009FB20D /* Contacts.framework */; };
		C2FE6A62254499D8009FB20D /* ContactsUI.framework in Frameworks */ = {isa = PBXBuildFile; fileRef = C2FE6A61254499D8009FB20D /* ContactsUI.framework */; };
		F116F9DA2D318675003E3B15 /* UserRegistrationView.swift in Sources */ = {isa = PBXBuildFile; fileRef = F116F9D92D318675003E3B15 /* UserRegistrationView.swift */; };
		F116F9DD2D318CED003E3B15 /* LabelFormItem.swift in Sources */ = {isa = PBXBuildFile; fileRef = F116F9DC2D318CED003E3B15 /* LabelFormItem.swift */; };
		F116F9E02D318DC7003E3B15 /* SwitchFormItem.swift in Sources */ = {isa = PBXBuildFile; fileRef = F116F9DF2D318DC7003E3B15 /* SwitchFormItem.swift */; };
		F116F9E22D31909F003E3B15 /* CallDetailView.swift in Sources */ = {isa = PBXBuildFile; fileRef = F116F9E12D31909F003E3B15 /* CallDetailView.swift */; };
		F116F9E42D347BA2003E3B15 /* CallListView.swift in Sources */ = {isa = PBXBuildFile; fileRef = F116F9E32D347BA2003E3B15 /* CallListView.swift */; };
		F116F9E82D3481B3003E3B15 /* HomeView.swift in Sources */ = {isa = PBXBuildFile; fileRef = F116F9E72D3481B3003E3B15 /* HomeView.swift */; };
		F116F9EA2D3484E6003E3B15 /* ToggleButton.swift in Sources */ = {isa = PBXBuildFile; fileRef = F116F9E92D3484E6003E3B15 /* ToggleButton.swift */; };
		F116F9ED2D3513CB003E3B15 /* CircleButton.swift in Sources */ = {isa = PBXBuildFile; fileRef = F116F9EC2D3513CB003E3B15 /* CircleButton.swift */; };
		F116F9EF2D352340003E3B15 /* SwiftUIPhoneViewController.swift in Sources */ = {isa = PBXBuildFile; fileRef = F116F9EE2D352340003E3B15 /* SwiftUIPhoneViewController.swift */; };
		F116F9F92D3528F8003E3B15 /* SwiftUIGateViewController.swift in Sources */ = {isa = PBXBuildFile; fileRef = F116F9F82D3528F8003E3B15 /* SwiftUIGateViewController.swift */; };
		F116F9FC2D3537DE003E3B15 /* UserRegistrationViewModel.swift in Sources */ = {isa = PBXBuildFile; fileRef = F116F9FB2D3537DE003E3B15 /* UserRegistrationViewModel.swift */; };
		F116FA072D354F66003E3B15 /* RegistrationService.swift in Sources */ = {isa = PBXBuildFile; fileRef = F116FA062D354F66003E3B15 /* RegistrationService.swift */; };
		F116FA092D3559A0003E3B15 /* CallService.swift in Sources */ = {isa = PBXBuildFile; fileRef = F116FA082D3559A0003E3B15 /* CallService.swift */; };
		F116FA0C2D355A39003E3B15 /* HomeViewModel.swift in Sources */ = {isa = PBXBuildFile; fileRef = F116FA0B2D355A39003E3B15 /* HomeViewModel.swift */; };
		F116FA0F2D3563C7003E3B15 /* CallListViewModel.swift in Sources */ = {isa = PBXBuildFile; fileRef = F116FA0E2D3563C7003E3B15 /* CallListViewModel.swift */; };
		F116FA2C2D36B4F4003E3B15 /* CallDetailViewModel.swift in Sources */ = {isa = PBXBuildFile; fileRef = F116FA2A2D36B4F4003E3B15 /* CallDetailViewModel.swift */; };
		F116FA2E2D36D4CF003E3B15 /* CallActionButtons.swift in Sources */ = {isa = PBXBuildFile; fileRef = F116FA2D2D36D4CF003E3B15 /* CallActionButtons.swift */; };
		F116FA452D38071D003E3B15 /* CallSingleSelectionView.swift in Sources */ = {isa = PBXBuildFile; fileRef = F116FA442D38071D003E3B15 /* CallSingleSelectionView.swift */; };
		F116FA502D395036003E3B15 /* CallTransferInputView.swift in Sources */ = {isa = PBXBuildFile; fileRef = F116FA4F2D395036003E3B15 /* CallTransferInputView.swift */; };
		F116FA512D395036003E3B15 /* CallTransferInputView.swift in Sources */ = {isa = PBXBuildFile; fileRef = F116FA4F2D395036003E3B15 /* CallTransferInputView.swift */; };
		F16BA4102D7EDF45009A9823 /* ActiveCallHeader.swift in Sources */ = {isa = PBXBuildFile; fileRef = F16BA40F2D7EDF45009A9823 /* ActiveCallHeader.swift */; };
		F16BA4112D7EDF58009A9823 /* ActiveCallHeader.swift in Sources */ = {isa = PBXBuildFile; fileRef = F16BA40F2D7EDF45009A9823 /* ActiveCallHeader.swift */; };
/* End PBXBuildFile section */

/* Begin PBXContainerItemProxy section */
		C2C3BEE62C1ACDBD0024838A /* PBXContainerItemProxy */ = {
			isa = PBXContainerItemProxy;
			containerPortal = 5757E6902508D57F00DD3ED0 /* Project object */;
			proxyType = 1;
			remoteGlobalIDString = C2C3BEDD2C1ACDBD0024838A;
			remoteInfo = NetworkExtensionSwiftPhone;
		};
/* End PBXContainerItemProxy section */

/* Begin PBXCopyFilesBuildPhase section */
		C2C3BEEC2C1ACDBD0024838A /* Embed Foundation Extensions */ = {
			isa = PBXCopyFilesBuildPhase;
			buildActionMask = 2147483647;
			dstPath = "";
			dstSubfolderSpec = 13;
			files = (
				C2C3BEE82C1ACDBD0024838A /* NetworkExtensionSwiftPhone.appex in Embed Foundation Extensions */,
			);
			name = "Embed Foundation Extensions";
			runOnlyForDeploymentPostprocessing = 0;
		};
		F1285F032D660CB100B8BBEC /* Embed Frameworks */ = {
			isa = PBXCopyFilesBuildPhase;
			buildActionMask = 2147483647;
			dstPath = "";
			dstSubfolderSpec = 10;
			files = (
			);
			name = "Embed Frameworks";
			runOnlyForDeploymentPostprocessing = 0;
		};
/* End PBXCopyFilesBuildPhase section */

/* Begin PBXFileReference section */
		5757E6982508D57F00DD3ED0 /* SwiftPhone.app */ = {isa = PBXFileReference; explicitFileType = wrapper.application; includeInIndex = 0; path = SwiftPhone.app; sourceTree = BUILT_PRODUCTS_DIR; };
		5757E69B2508D57F00DD3ED0 /* AppDelegate.swift */ = {isa = PBXFileReference; lastKnownFileType = sourcecode.swift; path = AppDelegate.swift; sourceTree = "<group>"; };
		5757E6A42508D58200DD3ED0 /* Assets.xcassets */ = {isa = PBXFileReference; lastKnownFileType = folder.assetcatalog; path = Assets.xcassets; sourceTree = "<group>"; };
		5757E6A72508D58200DD3ED0 /* Base */ = {isa = PBXFileReference; lastKnownFileType = file.storyboard; name = Base; path = Base.lproj/LaunchScreen.storyboard; sourceTree = "<group>"; };
		5757E6A92508D58200DD3ED0 /* Info.plist */ = {isa = PBXFileReference; lastKnownFileType = text.plist.xml; path = Info.plist; sourceTree = "<group>"; };
		579F6A452510BC430060336A /* SwiftPhone-Bridging-Header.h */ = {isa = PBXFileReference; fileEncoding = 4; lastKnownFileType = sourcecode.c.h; path = "SwiftPhone-Bridging-Header.h"; sourceTree = "<group>"; };
		C214B4F52EE1E680006B6B47 /* VideoScreenView.swift */ = {isa = PBXFileReference; lastKnownFileType = sourcecode.swift; path = VideoScreenView.swift; sourceTree = "<group>"; };
		C214B4F72EE1E68E006B6B47 /* VideoViewModel.swift */ = {isa = PBXFileReference; lastKnownFileType = sourcecode.swift; path = VideoViewModel.swift; sourceTree = "<group>"; };
		C22DA98C2EEABB5E00B68896 /* VideoViewRepresentable.swift */ = {isa = PBXFileReference; lastKnownFileType = sourcecode.swift; path = VideoViewRepresentable.swift; sourceTree = "<group>"; };
		C2313D352C246B090053F635 /* DemoAppPushProvider.swift */ = {isa = PBXFileReference; fileEncoding = 4; lastKnownFileType = sourcecode.swift; path = DemoAppPushProvider.swift; sourceTree = "<group>"; };
		C2313D3A2C246D820053F635 /* BundleExtensions.swift */ = {isa = PBXFileReference; lastKnownFileType = sourcecode.swift; path = BundleExtensions.swift; sourceTree = "<group>"; };
		C234E3252535956600EFA519 /* RegViewController.swift */ = {isa = PBXFileReference; lastKnownFileType = sourcecode.swift; path = RegViewController.swift; sourceTree = "<group>"; };
		C234E3272535957E00EFA519 /* CallViewController.swift */ = {isa = PBXFileReference; lastKnownFileType = sourcecode.swift; path = CallViewController.swift; sourceTree = "<group>"; };
		C23B19F2251E213F00984B08 /* Main.storyboard */ = {isa = PBXFileReference; lastKnownFileType = file.storyboard; path = Main.storyboard; sourceTree = "<group>"; };
		C24BF2662538485300692D0C /* CallsDataSource.swift */ = {isa = PBXFileReference; lastKnownFileType = sourcecode.swift; path = CallsDataSource.swift; sourceTree = "<group>"; };
		C24BF268253853F700692D0C /* Extensions.swift */ = {isa = PBXFileReference; lastKnownFileType = sourcecode.swift; path = Extensions.swift; sourceTree = "<group>"; };
		C24C92AB2D427E6E00DBD598 /* eliseb.wav */ = {isa = PBXFileReference; lastKnownFileType = audio.wav; path = eliseb.wav; sourceTree = "<group>"; };
		C28857152A8E787F00E048F2 /* TargetPickerViewController.swift */ = {isa = PBXFileReference; lastKnownFileType = sourcecode.swift; path = TargetPickerViewController.swift; sourceTree = "<group>"; };
		C2A2B2D02542C6C50056B21C /* SwiftPhone.entitlements */ = {isa = PBXFileReference; lastKnownFileType = text.plist.entitlements; path = SwiftPhone.entitlements; sourceTree = "<group>"; };
		C2A2B2D12542C79E0056B21C /* PushKit.framework */ = {isa = PBXFileReference; lastKnownFileType = wrapper.framework; name = PushKit.framework; path = System/Library/Frameworks/PushKit.framework; sourceTree = SDKROOT; };
		C2AE94422EE9BB53009613CB /* VideoService.swift */ = {isa = PBXFileReference; lastKnownFileType = sourcecode.swift; path = VideoService.swift; sourceTree = "<group>"; };
		C2C3BEDE2C1ACDBD0024838A /* NetworkExtensionSwiftPhone.appex */ = {isa = PBXFileReference; explicitFileType = "wrapper.app-extension"; includeInIndex = 0; path = NetworkExtensionSwiftPhone.appex; sourceTree = BUILT_PRODUCTS_DIR; };
		C2C3BEDF2C1ACDBD0024838A /* NetworkExtension.framework */ = {isa = PBXFileReference; lastKnownFileType = wrapper.framework; name = NetworkExtension.framework; path = System/Library/Frameworks/NetworkExtension.framework; sourceTree = SDKROOT; };
		C2C3BEE22C1ACDBD0024838A /* AppProxyProvider.swift */ = {isa = PBXFileReference; lastKnownFileType = sourcecode.swift; path = AppProxyProvider.swift; sourceTree = "<group>"; };
		C2C3BEE42C1ACDBD0024838A /* Info.plist */ = {isa = PBXFileReference; lastKnownFileType = text.plist.xml; path = Info.plist; sourceTree = "<group>"; };
		C2C3BEE52C1ACDBD0024838A /* NetworkExtensionSwiftPhone.entitlements */ = {isa = PBXFileReference; lastKnownFileType = text.plist.entitlements; path = NetworkExtensionSwiftPhone.entitlements; sourceTree = "<group>"; };
		C2C3BEEE2C1AEE050024838A /* NEAppPushManagerHandler.swift */ = {isa = PBXFileReference; lastKnownFileType = sourcecode.swift; path = NEAppPushManagerHandler.swift; sourceTree = "<group>"; };
		C2C3BEF02C1AEE190024838A /* NEAppPushManagerConfig.swift */ = {isa = PBXFileReference; lastKnownFileType = sourcecode.swift; path = NEAppPushManagerConfig.swift; sourceTree = "<group>"; };
		C2E9E5492EF078800023D7FE /* VideoPreviewRepresentable.swift */ = {isa = PBXFileReference; lastKnownFileType = sourcecode.swift; path = VideoPreviewRepresentable.swift; sourceTree = "<group>"; };
		C2EB572C2A14E797000DDC13 /* provisioning.xml */ = {isa = PBXFileReference; fileEncoding = 4; lastKnownFileType = text.xml; path = provisioning.xml; sourceTree = "<group>"; };
		C2ED35DC25640C3E00891CA1 /* rp.wav */ = {isa = PBXFileReference; lastKnownFileType = audio.wav; path = rp.wav; sourceTree = "<group>"; };
		C2ED35DD25640C3E00891CA1 /* dm.wav */ = {isa = PBXFileReference; lastKnownFileType = audio.wav; path = dm.wav; sourceTree = "<group>"; };
		C2ED35DE25640C3E00891CA1 /* dd.wav */ = {isa = PBXFileReference; lastKnownFileType = audio.wav; path = dd.wav; sourceTree = "<group>"; };
		C2F000062C61F96B002E643C /* AudioRoutePickerProxy.swift */ = {isa = PBXFileReference; fileEncoding = 4; lastKnownFileType = sourcecode.swift; path = AudioRoutePickerProxy.swift; sourceTree = "<group>"; };
		C2FE6A1725449697009FB20D /* CallKit.framework */ = {isa = PBXFileReference; lastKnownFileType = wrapper.framework; name = CallKit.framework; path = System/Library/Frameworks/CallKit.framework; sourceTree = SDKROOT; };
		C2FE6A192544969C009FB20D /* CoreTelephony.framework */ = {isa = PBXFileReference; lastKnownFileType = wrapper.framework; name = CoreTelephony.framework; path = System/Library/Frameworks/CoreTelephony.framework; sourceTree = SDKROOT; };
		C2FE6A1B254496AC009FB20D /* VideoToolbox.framework */ = {isa = PBXFileReference; lastKnownFileType = wrapper.framework; name = VideoToolbox.framework; path = System/Library/Frameworks/VideoToolbox.framework; sourceTree = SDKROOT; };
		C2FE6A1D254496B1009FB20D /* CoreText.framework */ = {isa = PBXFileReference; lastKnownFileType = wrapper.framework; name = CoreText.framework; path = System/Library/Frameworks/CoreText.framework; sourceTree = SDKROOT; };
		C2FE6A1F254496B9009FB20D /* CoreVideo.framework */ = {isa = PBXFileReference; lastKnownFileType = wrapper.framework; name = CoreVideo.framework; path = System/Library/Frameworks/CoreVideo.framework; sourceTree = SDKROOT; };
		C2FE6A21254496BF009FB20D /* CoreMedia.framework */ = {isa = PBXFileReference; lastKnownFileType = wrapper.framework; name = CoreMedia.framework; path = System/Library/Frameworks/CoreMedia.framework; sourceTree = SDKROOT; };
		C2FE6A23254496C8009FB20D /* QuartzCore.framework */ = {isa = PBXFileReference; lastKnownFileType = wrapper.framework; name = QuartzCore.framework; path = System/Library/Frameworks/QuartzCore.framework; sourceTree = SDKROOT; };
		C2FE6A25254496CD009FB20D /* SystemConfiguration.framework */ = {isa = PBXFileReference; lastKnownFileType = wrapper.framework; name = SystemConfiguration.framework; path = System/Library/Frameworks/SystemConfiguration.framework; sourceTree = SDKROOT; };
		C2FE6A27254496D7009FB20D /* Security.framework */ = {isa = PBXFileReference; lastKnownFileType = wrapper.framework; name = Security.framework; path = System/Library/Frameworks/Security.framework; sourceTree = SDKROOT; };
		C2FE6A29254496DC009FB20D /* Accelerate.framework */ = {isa = PBXFileReference; lastKnownFileType = wrapper.framework; name = Accelerate.framework; path = System/Library/Frameworks/Accelerate.framework; sourceTree = SDKROOT; };
		C2FE6A2B254496E5009FB20D /* AVFoundation.framework */ = {isa = PBXFileReference; lastKnownFileType = wrapper.framework; name = AVFoundation.framework; path = System/Library/Frameworks/AVFoundation.framework; sourceTree = SDKROOT; };
		C2FE6A2D254496EB009FB20D /* Foundation.framework */ = {isa = PBXFileReference; lastKnownFileType = wrapper.framework; name = Foundation.framework; path = System/Library/Frameworks/Foundation.framework; sourceTree = SDKROOT; };
		C2FE6A2F254496F4009FB20D /* UIKit.framework */ = {isa = PBXFileReference; lastKnownFileType = wrapper.framework; name = UIKit.framework; path = System/Library/Frameworks/UIKit.framework; sourceTree = SDKROOT; };
		C2FE6A31254496F9009FB20D /* CoreGraphics.framework */ = {isa = PBXFileReference; lastKnownFileType = wrapper.framework; name = CoreGraphics.framework; path = System/Library/Frameworks/CoreGraphics.framework; sourceTree = SDKROOT; };
		C2FE6A3325449701009FB20D /* AudioToolbox.framework */ = {isa = PBXFileReference; lastKnownFileType = wrapper.framework; name = AudioToolbox.framework; path = System/Library/Frameworks/AudioToolbox.framework; sourceTree = SDKROOT; };
		C2FE6A3525449706009FB20D /* AddressBook.framework */ = {isa = PBXFileReference; lastKnownFileType = wrapper.framework; name = AddressBook.framework; path = System/Library/Frameworks/AddressBook.framework; sourceTree = SDKROOT; };
		C2FE6A372544970E009FB20D /* AddressBookUI.framework */ = {isa = PBXFileReference; lastKnownFileType = wrapper.framework; name = AddressBookUI.framework; path = System/Library/Frameworks/AddressBookUI.framework; sourceTree = SDKROOT; };
		C2FE6A392544972A009FB20D /* CFNetwork.framework */ = {isa = PBXFileReference; lastKnownFileType = wrapper.framework; name = CFNetwork.framework; path = System/Library/Frameworks/CFNetwork.framework; sourceTree = SDKROOT; };
		C2FE6A3B25449730009FB20D /* MediaPlayer.framework */ = {isa = PBXFileReference; lastKnownFileType = wrapper.framework; name = MediaPlayer.framework; path = System/Library/Frameworks/MediaPlayer.framework; sourceTree = SDKROOT; };
		C2FE6A3D2544975B009FB20D /* libz.tbd */ = {isa = PBXFileReference; lastKnownFileType = "sourcecode.text-based-dylib-definition"; name = libz.tbd; path = usr/lib/libz.tbd; sourceTree = SDKROOT; };
		C2FE6A3F25449797009FB20D /* UserNotifications.framework */ = {isa = PBXFileReference; lastKnownFileType = wrapper.framework; name = UserNotifications.framework; path = System/Library/Frameworks/UserNotifications.framework; sourceTree = SDKROOT; };
		C2FE6A41254497BD009FB20D /* libicucore.tbd */ = {isa = PBXFileReference; lastKnownFileType = "sourcecode.text-based-dylib-definition"; name = libicucore.tbd; path = usr/lib/libicucore.tbd; sourceTree = SDKROOT; };
		C2FE6A5F254499D3009FB20D /* Contacts.framework */ = {isa = PBXFileReference; lastKnownFileType = wrapper.framework; name = Contacts.framework; path = System/Library/Frameworks/Contacts.framework; sourceTree = SDKROOT; };
		C2FE6A61254499D8009FB20D /* ContactsUI.framework */ = {isa = PBXFileReference; lastKnownFileType = wrapper.framework; name = ContactsUI.framework; path = System/Library/Frameworks/ContactsUI.framework; sourceTree = SDKROOT; };
		F116F9D92D318675003E3B15 /* UserRegistrationView.swift */ = {isa = PBXFileReference; lastKnownFileType = sourcecode.swift; path = UserRegistrationView.swift; sourceTree = "<group>"; };
		F116F9DC2D318CED003E3B15 /* LabelFormItem.swift */ = {isa = PBXFileReference; lastKnownFileType = sourcecode.swift; path = LabelFormItem.swift; sourceTree = "<group>"; };
		F116F9DF2D318DC7003E3B15 /* SwitchFormItem.swift */ = {isa = PBXFileReference; lastKnownFileType = sourcecode.swift; path = SwitchFormItem.swift; sourceTree = "<group>"; };
		F116F9E12D31909F003E3B15 /* CallDetailView.swift */ = {isa = PBXFileReference; lastKnownFileType = sourcecode.swift; path = CallDetailView.swift; sourceTree = "<group>"; };
		F116F9E32D347BA2003E3B15 /* CallListView.swift */ = {isa = PBXFileReference; lastKnownFileType = sourcecode.swift; path = CallListView.swift; sourceTree = "<group>"; };
		F116F9E72D3481B3003E3B15 /* HomeView.swift */ = {isa = PBXFileReference; lastKnownFileType = sourcecode.swift; path = HomeView.swift; sourceTree = "<group>"; };
		F116F9E92D3484E6003E3B15 /* ToggleButton.swift */ = {isa = PBXFileReference; lastKnownFileType = sourcecode.swift; path = ToggleButton.swift; sourceTree = "<group>"; };
		F116F9EC2D3513CB003E3B15 /* CircleButton.swift */ = {isa = PBXFileReference; lastKnownFileType = sourcecode.swift; path = CircleButton.swift; sourceTree = "<group>"; };
		F116F9EE2D352340003E3B15 /* SwiftUIPhoneViewController.swift */ = {isa = PBXFileReference; lastKnownFileType = sourcecode.swift; path = SwiftUIPhoneViewController.swift; sourceTree = "<group>"; };
		F116F9F82D3528F8003E3B15 /* SwiftUIGateViewController.swift */ = {isa = PBXFileReference; lastKnownFileType = sourcecode.swift; path = SwiftUIGateViewController.swift; sourceTree = "<group>"; };
		F116F9FB2D3537DE003E3B15 /* UserRegistrationViewModel.swift */ = {isa = PBXFileReference; lastKnownFileType = sourcecode.swift; path = UserRegistrationViewModel.swift; sourceTree = "<group>"; };
		F116FA062D354F66003E3B15 /* RegistrationService.swift */ = {isa = PBXFileReference; lastKnownFileType = sourcecode.swift; path = RegistrationService.swift; sourceTree = "<group>"; };
		F116FA082D3559A0003E3B15 /* CallService.swift */ = {isa = PBXFileReference; lastKnownFileType = sourcecode.swift; path = CallService.swift; sourceTree = "<group>"; };
		F116FA0B2D355A39003E3B15 /* HomeViewModel.swift */ = {isa = PBXFileReference; lastKnownFileType = sourcecode.swift; path = HomeViewModel.swift; sourceTree = "<group>"; };
		F116FA0E2D3563C7003E3B15 /* CallListViewModel.swift */ = {isa = PBXFileReference; lastKnownFileType = sourcecode.swift; path = CallListViewModel.swift; sourceTree = "<group>"; };
		F116FA182D367DE1003E3B15 /* SwiftPhoneUIPlayground.app */ = {isa = PBXFileReference; explicitFileType = wrapper.application; includeInIndex = 0; path = SwiftPhoneUIPlayground.app; sourceTree = BUILT_PRODUCTS_DIR; };
		F116FA2A2D36B4F4003E3B15 /* CallDetailViewModel.swift */ = {isa = PBXFileReference; lastKnownFileType = sourcecode.swift; path = CallDetailViewModel.swift; sourceTree = "<group>"; };
		F116FA2D2D36D4CF003E3B15 /* CallActionButtons.swift */ = {isa = PBXFileReference; lastKnownFileType = sourcecode.swift; path = CallActionButtons.swift; sourceTree = "<group>"; };
		F116FA442D38071D003E3B15 /* CallSingleSelectionView.swift */ = {isa = PBXFileReference; lastKnownFileType = sourcecode.swift; path = CallSingleSelectionView.swift; sourceTree = "<group>"; };
		F116FA4F2D395036003E3B15 /* CallTransferInputView.swift */ = {isa = PBXFileReference; lastKnownFileType = sourcecode.swift; path = CallTransferInputView.swift; sourceTree = "<group>"; };
		F16BA40F2D7EDF45009A9823 /* ActiveCallHeader.swift */ = {isa = PBXFileReference; lastKnownFileType = sourcecode.swift; path = ActiveCallHeader.swift; sourceTree = "<group>"; };
/* End PBXFileReference section */

/* Begin PBXFileSystemSynchronizedRootGroup section */
		F116FA192D367DE1003E3B15 /* SwiftPhoneUIPlayground */ = {isa = PBXFileSystemSynchronizedRootGroup; explicitFileTypes = {}; explicitFolders = (); path = SwiftPhoneUIPlayground; sourceTree = "<group>"; };
/* End PBXFileSystemSynchronizedRootGroup section */

/* Begin PBXFrameworksBuildPhase section */
		5757E6952508D57F00DD3ED0 /* Frameworks */ = {
			isa = PBXFrameworksBuildPhase;
			buildActionMask = 2147483647;
			files = (
				C2FE6A62254499D8009FB20D /* ContactsUI.framework in Frameworks */,
				C2FE6A60254499D3009FB20D /* Contacts.framework in Frameworks */,
				C2FE6A42254497BD009FB20D /* libicucore.tbd in Frameworks */,
				C2FE6A4025449797009FB20D /* UserNotifications.framework in Frameworks */,
				C2FE6A3E2544975B009FB20D /* libz.tbd in Frameworks */,
				C2FE6A3C25449730009FB20D /* MediaPlayer.framework in Frameworks */,
				C2FE6A3A2544972B009FB20D /* CFNetwork.framework in Frameworks */,
				C2FE6A3425449701009FB20D /* AudioToolbox.framework in Frameworks */,
				C2FE6A32254496F9009FB20D /* CoreGraphics.framework in Frameworks */,
				C2FE6A30254496F4009FB20D /* UIKit.framework in Frameworks */,
				C2FE6A2E254496EB009FB20D /* Foundation.framework in Frameworks */,
				C2FE6A2C254496E6009FB20D /* AVFoundation.framework in Frameworks */,
				C2FE6A2A254496DD009FB20D /* Accelerate.framework in Frameworks */,
				C2FE6A28254496D7009FB20D /* Security.framework in Frameworks */,
				C2FE6A26254496CD009FB20D /* SystemConfiguration.framework in Frameworks */,
				C2FE6A24254496C8009FB20D /* QuartzCore.framework in Frameworks */,
				C2BF95EA2EF47B9E00307AD4 /* SoftphoneSwiftPackage-saas-video in Frameworks */,
				C2FE6A22254496BF009FB20D /* CoreMedia.framework in Frameworks */,
				C2FE6A20254496B9009FB20D /* CoreVideo.framework in Frameworks */,
				C2FE6A1E254496B1009FB20D /* CoreText.framework in Frameworks */,
				C2FE6A1C254496AC009FB20D /* VideoToolbox.framework in Frameworks */,
				C2FE6A1A2544969C009FB20D /* CoreTelephony.framework in Frameworks */,
				C2FE6A1825449697009FB20D /* CallKit.framework in Frameworks */,
				C2A2B2D22542C79E0056B21C /* PushKit.framework in Frameworks */,
			);
			runOnlyForDeploymentPostprocessing = 0;
		};
		C2C3BEDB2C1ACDBD0024838A /* Frameworks */ = {
			isa = PBXFrameworksBuildPhase;
			buildActionMask = 2147483647;
			files = (
				C2C3BEE02C1ACDBD0024838A /* NetworkExtension.framework in Frameworks */,
				C218F4712D0C64C6000FCA01 /* SwiftPackage-sipisprovider in Frameworks */,
			);
			runOnlyForDeploymentPostprocessing = 0;
		};
		F116FA152D367DE1003E3B15 /* Frameworks */ = {
			isa = PBXFrameworksBuildPhase;
			buildActionMask = 2147483647;
			files = (
			);
			runOnlyForDeploymentPostprocessing = 0;
		};
/* End PBXFrameworksBuildPhase section */

/* Begin PBXGroup section */
		5757E68F2508D57F00DD3ED0 = {
			isa = PBXGroup;
			children = (
				5757E69A2508D57F00DD3ED0 /* SwiftPhone */,
				C2C3BEE12C1ACDBD0024838A /* NetworkExtensionSwiftPhone */,
				F116FA192D367DE1003E3B15 /* SwiftPhoneUIPlayground */,
				5757E6992508D57F00DD3ED0 /* Products */,
				5757E6BB2508D62400DD3ED0 /* Frameworks */,
			);
			sourceTree = "<group>";
		};
		5757E6992508D57F00DD3ED0 /* Products */ = {
			isa = PBXGroup;
			children = (
				5757E6982508D57F00DD3ED0 /* SwiftPhone.app */,
				C2C3BEDE2C1ACDBD0024838A /* NetworkExtensionSwiftPhone.appex */,
				F116FA182D367DE1003E3B15 /* SwiftPhoneUIPlayground.app */,
			);
			name = Products;
			sourceTree = "<group>";
		};
		5757E69A2508D57F00DD3ED0 /* SwiftPhone */ = {
			isa = PBXGroup;
			children = (
				F116F9D62D3185F6003E3B15 /* UI */,
				C2F000062C61F96B002E643C /* AudioRoutePickerProxy.swift */,
				C2C3BEED2C1AEDCF0024838A /* LocalPush */,
				C2EB572C2A14E797000DDC13 /* provisioning.xml */,
				C2ED35DB25640C3E00891CA1 /* snd */,
				C2A2B2D02542C6C50056B21C /* SwiftPhone.entitlements */,
				579F6A412510BC430060336A /* Bridge */,
				5757E69B2508D57F00DD3ED0 /* AppDelegate.swift */,
				5757E6A42508D58200DD3ED0 /* Assets.xcassets */,
				5757E6A62508D58200DD3ED0 /* LaunchScreen.storyboard */,
				5757E6A92508D58200DD3ED0 /* Info.plist */,
				C23B19F2251E213F00984B08 /* Main.storyboard */,
				C234E3252535956600EFA519 /* RegViewController.swift */,
				C234E3272535957E00EFA519 /* CallViewController.swift */,
				C24BF2662538485300692D0C /* CallsDataSource.swift */,
				C24BF268253853F700692D0C /* Extensions.swift */,
				C28857152A8E787F00E048F2 /* TargetPickerViewController.swift */,
			);
			path = SwiftPhone;
			sourceTree = "<group>";
		};
		5757E6BB2508D62400DD3ED0 /* Frameworks */ = {
			isa = PBXGroup;
			children = (
				C2FE6A61254499D8009FB20D /* ContactsUI.framework */,
				C2FE6A5F254499D3009FB20D /* Contacts.framework */,
				C2FE6A41254497BD009FB20D /* libicucore.tbd */,
				C2FE6A3F25449797009FB20D /* UserNotifications.framework */,
				C2FE6A3D2544975B009FB20D /* libz.tbd */,
				C2FE6A3B25449730009FB20D /* MediaPlayer.framework */,
				C2FE6A392544972A009FB20D /* CFNetwork.framework */,
				C2FE6A372544970E009FB20D /* AddressBookUI.framework */,
				C2FE6A3525449706009FB20D /* AddressBook.framework */,
				C2FE6A3325449701009FB20D /* AudioToolbox.framework */,
				C2FE6A31254496F9009FB20D /* CoreGraphics.framework */,
				C2FE6A2F254496F4009FB20D /* UIKit.framework */,
				C2FE6A2D254496EB009FB20D /* Foundation.framework */,
				C2FE6A2B254496E5009FB20D /* AVFoundation.framework */,
				C2FE6A29254496DC009FB20D /* Accelerate.framework */,
				C2FE6A27254496D7009FB20D /* Security.framework */,
				C2FE6A25254496CD009FB20D /* SystemConfiguration.framework */,
				C2FE6A23254496C8009FB20D /* QuartzCore.framework */,
				C2FE6A21254496BF009FB20D /* CoreMedia.framework */,
				C2FE6A1F254496B9009FB20D /* CoreVideo.framework */,
				C2FE6A1D254496B1009FB20D /* CoreText.framework */,
				C2FE6A1B254496AC009FB20D /* VideoToolbox.framework */,
				C2FE6A192544969C009FB20D /* CoreTelephony.framework */,
				C2FE6A1725449697009FB20D /* CallKit.framework */,
				C2A2B2D12542C79E0056B21C /* PushKit.framework */,
				C2C3BEDF2C1ACDBD0024838A /* NetworkExtension.framework */,
			);
			name = Frameworks;
			sourceTree = "<group>";
		};
		579F6A412510BC430060336A /* Bridge */ = {
			isa = PBXGroup;
			children = (
				579F6A452510BC430060336A /* SwiftPhone-Bridging-Header.h */,
			);
			path = Bridge;
			sourceTree = "<group>";
		};
		C214B4F42EE1E66A006B6B47 /* Video */ = {
			isa = PBXGroup;
			children = (
				C214B4F52EE1E680006B6B47 /* VideoScreenView.swift */,
				C214B4F72EE1E68E006B6B47 /* VideoViewModel.swift */,
				C22DA98C2EEABB5E00B68896 /* VideoViewRepresentable.swift */,
				C2E9E5492EF078800023D7FE /* VideoPreviewRepresentable.swift */,
			);
			path = Video;
			sourceTree = "<group>";
		};
		C2C3BEE12C1ACDBD0024838A /* NetworkExtensionSwiftPhone */ = {
			isa = PBXGroup;
			children = (
				C2313D352C246B090053F635 /* DemoAppPushProvider.swift */,
				C2C3BEE22C1ACDBD0024838A /* AppProxyProvider.swift */,
				C2C3BEE42C1ACDBD0024838A /* Info.plist */,
				C2C3BEE52C1ACDBD0024838A /* NetworkExtensionSwiftPhone.entitlements */,
				C2313D3A2C246D820053F635 /* BundleExtensions.swift */,
			);
			path = NetworkExtensionSwiftPhone;
			sourceTree = "<group>";
		};
		C2C3BEED2C1AEDCF0024838A /* LocalPush */ = {
			isa = PBXGroup;
			children = (
				C2C3BEEE2C1AEE050024838A /* NEAppPushManagerHandler.swift */,
				C2C3BEF02C1AEE190024838A /* NEAppPushManagerConfig.swift */,
			);
			name = LocalPush;
			sourceTree = "<group>";
		};
		C2ED35DB25640C3E00891CA1 /* snd */ = {
			isa = PBXGroup;
			children = (
				C24C92AB2D427E6E00DBD598 /* eliseb.wav */,
				C2ED35DC25640C3E00891CA1 /* rp.wav */,
				C2ED35DD25640C3E00891CA1 /* dm.wav */,
				C2ED35DE25640C3E00891CA1 /* dd.wav */,
			);
			path = snd;
			sourceTree = "<group>";
		};
		F116F9D62D3185F6003E3B15 /* UI */ = {
			isa = PBXGroup;
			children = (
				F116FA052D354F54003E3B15 /* Services */,
				F116F9F72D3528EC003E3B15 /* ViewControllers */,
				F116F9D82D31865A003E3B15 /* Screens */,
				F116F9D72D318650003E3B15 /* Components */,
			);
			path = UI;
			sourceTree = "<group>";
		};
		F116F9D72D318650003E3B15 /* Components */ = {
			isa = PBXGroup;
			children = (
				F116F9EB2D3513C0003E3B15 /* Buttons */,
				F116F9DC2D318CED003E3B15 /* LabelFormItem.swift */,
				F116F9DF2D318DC7003E3B15 /* SwitchFormItem.swift */,
			);
			path = Components;
			sourceTree = "<group>";
		};
		F116F9D82D31865A003E3B15 /* Screens */ = {
			isa = PBXGroup;
			children = (
				C214B4F42EE1E66A006B6B47 /* Video */,
				F116FA0D2D355F20003E3B15 /* Calls */,
				F116FA0A2D3559ED003E3B15 /* Home */,
				F116F9FA2D3537CC003E3B15 /* Registration */,
				F116F9EE2D352340003E3B15 /* SwiftUIPhoneViewController.swift */,
			);
			path = Screens;
			sourceTree = "<group>";
		};
		F116F9EB2D3513C0003E3B15 /* Buttons */ = {
			isa = PBXGroup;
			children = (
				F116F9E92D3484E6003E3B15 /* ToggleButton.swift */,
				F116F9EC2D3513CB003E3B15 /* CircleButton.swift */,
				F116FA2D2D36D4CF003E3B15 /* CallActionButtons.swift */,
				F16BA40F2D7EDF45009A9823 /* ActiveCallHeader.swift */,
			);
			path = Buttons;
			sourceTree = "<group>";
		};
		F116F9F72D3528EC003E3B15 /* ViewControllers */ = {
			isa = PBXGroup;
			children = (
				F116F9F82D3528F8003E3B15 /* SwiftUIGateViewController.swift */,
			);
			path = ViewControllers;
			sourceTree = "<group>";
		};
		F116F9FA2D3537CC003E3B15 /* Registration */ = {
			isa = PBXGroup;
			children = (
				F116F9D92D318675003E3B15 /* UserRegistrationView.swift */,
				F116F9FB2D3537DE003E3B15 /* UserRegistrationViewModel.swift */,
			);
			path = Registration;
			sourceTree = "<group>";
		};
		F116FA052D354F54003E3B15 /* Services */ = {
			isa = PBXGroup;
			children = (
				F116FA062D354F66003E3B15 /* RegistrationService.swift */,
				F116FA082D3559A0003E3B15 /* CallService.swift */,
				C2AE94422EE9BB53009613CB /* VideoService.swift */,
			);
			path = Services;
			sourceTree = "<group>";
		};
		F116FA0A2D3559ED003E3B15 /* Home */ = {
			isa = PBXGroup;
			children = (
				F116F9E72D3481B3003E3B15 /* HomeView.swift */,
				F116FA0B2D355A39003E3B15 /* HomeViewModel.swift */,
			);
			path = Home;
			sourceTree = "<group>";
		};
		F116FA0D2D355F20003E3B15 /* Calls */ = {
			isa = PBXGroup;
			children = (
				F116FA422D38070B003E3B15 /* Selection */,
				F116FA412D3806F7003E3B15 /* Detail */,
				F116FA402D3806EE003E3B15 /* List */,
			);
			path = Calls;
			sourceTree = "<group>";
		};
		F116FA402D3806EE003E3B15 /* List */ = {
			isa = PBXGroup;
			children = (
				F116FA0E2D3563C7003E3B15 /* CallListViewModel.swift */,
				F116F9E32D347BA2003E3B15 /* CallListView.swift */,
			);
			path = List;
			sourceTree = "<group>";
		};
		F116FA412D3806F7003E3B15 /* Detail */ = {
			isa = PBXGroup;
			children = (
				F116F9E12D31909F003E3B15 /* CallDetailView.swift */,
				F116FA2A2D36B4F4003E3B15 /* CallDetailViewModel.swift */,
			);
			path = Detail;
			sourceTree = "<group>";
		};
		F116FA422D38070B003E3B15 /* Selection */ = {
			isa = PBXGroup;
			children = (
				F116FA442D38071D003E3B15 /* CallSingleSelectionView.swift */,
				F116FA4F2D395036003E3B15 /* CallTransferInputView.swift */,
			);
			path = Selection;
			sourceTree = "<group>";
		};
/* End PBXGroup section */

/* Begin PBXNativeTarget section */
		5757E6972508D57F00DD3ED0 /* SwiftPhone */ = {
			isa = PBXNativeTarget;
			buildConfigurationList = 5757E6AC2508D58200DD3ED0 /* Build configuration list for PBXNativeTarget "SwiftPhone" */;
			buildPhases = (
				5757E6942508D57F00DD3ED0 /* Sources */,
				5757E6952508D57F00DD3ED0 /* Frameworks */,
				5757E6962508D57F00DD3ED0 /* Resources */,
				C2C3BEEC2C1ACDBD0024838A /* Embed Foundation Extensions */,
				F1285F032D660CB100B8BBEC /* Embed Frameworks */,
			);
			buildRules = (
			);
			dependencies = (
				C2C3BEE72C1ACDBD0024838A /* PBXTargetDependency */,
			);
			name = SwiftPhone;
			packageProductDependencies = (
				C2BF95E92EF47B9E00307AD4 /* SoftphoneSwiftPackage-saas-video */,
			);
			productName = SwiftPhone;
			productReference = 5757E6982508D57F00DD3ED0 /* SwiftPhone.app */;
			productType = "com.apple.product-type.application";
		};
		C2C3BEDD2C1ACDBD0024838A /* NetworkExtensionSwiftPhone */ = {
			isa = PBXNativeTarget;
			buildConfigurationList = C2C3BEE92C1ACDBD0024838A /* Build configuration list for PBXNativeTarget "NetworkExtensionSwiftPhone" */;
			buildPhases = (
				C2C3BEDA2C1ACDBD0024838A /* Sources */,
				C2C3BEDB2C1ACDBD0024838A /* Frameworks */,
				C2C3BEDC2C1ACDBD0024838A /* Resources */,
			);
			buildRules = (
			);
			dependencies = (
			);
			name = NetworkExtensionSwiftPhone;
			packageProductDependencies = (
				C218F4702D0C64C6000FCA01 /* SwiftPackage-sipisprovider */,
			);
			productName = NetworkExtensionSwiftPhone;
			productReference = C2C3BEDE2C1ACDBD0024838A /* NetworkExtensionSwiftPhone.appex */;
			productType = "com.apple.product-type.app-extension";
		};
		F116FA172D367DE1003E3B15 /* SwiftPhoneUIPlayground */ = {
			isa = PBXNativeTarget;
			buildConfigurationList = F116FA232D367DE3003E3B15 /* Build configuration list for PBXNativeTarget "SwiftPhoneUIPlayground" */;
			buildPhases = (
				F116FA142D367DE1003E3B15 /* Sources */,
				F116FA152D367DE1003E3B15 /* Frameworks */,
				F116FA162D367DE1003E3B15 /* Resources */,
			);
			buildRules = (
			);
			dependencies = (
			);
			fileSystemSynchronizedGroups = (
				F116FA192D367DE1003E3B15 /* SwiftPhoneUIPlayground */,
			);
			name = SwiftPhoneUIPlayground;
			packageProductDependencies = (
			);
			productName = SwiftPhoneUIPlayground;
			productReference = F116FA182D367DE1003E3B15 /* SwiftPhoneUIPlayground.app */;
			productType = "com.apple.product-type.application";
		};
/* End PBXNativeTarget section */

/* Begin PBXProject section */
		5757E6902508D57F00DD3ED0 /* Project object */ = {
			isa = PBXProject;
			attributes = {
				LastSwiftUpdateCheck = 1610;
				LastUpgradeCheck = 1200;
				ORGANIZATIONNAME = Acrobits;
				TargetAttributes = {
					5757E6972508D57F00DD3ED0 = {
						CreatedOnToolsVersion = 11.3.1;
					};
					C2C3BEDD2C1ACDBD0024838A = {
						CreatedOnToolsVersion = 15.4;
					};
					F116FA172D367DE1003E3B15 = {
						CreatedOnToolsVersion = 16.1;
					};
				};
			};
			buildConfigurationList = 5757E6932508D57F00DD3ED0 /* Build configuration list for PBXProject "SwiftPhone" */;
			compatibilityVersion = "Xcode 9.3";
			developmentRegion = en;
			hasScannedForEncodings = 0;
			knownRegions = (
				en,
				Base,
			);
			mainGroup = 5757E68F2508D57F00DD3ED0;
			packageReferences = (
				C218F46F2D0C64C6000FCA01 /* XCRemoteSwiftPackageReference "SwiftPackage-sipisprovider" */,
				C2BF95E82EF47B9E00307AD4 /* XCRemoteSwiftPackageReference "SoftphoneSwiftPackage-saas-video" */,
			);
			productRefGroup = 5757E6992508D57F00DD3ED0 /* Products */;
			projectDirPath = "";
			projectRoot = "";
			targets = (
				5757E6972508D57F00DD3ED0 /* SwiftPhone */,
				C2C3BEDD2C1ACDBD0024838A /* NetworkExtensionSwiftPhone */,
				F116FA172D367DE1003E3B15 /* SwiftPhoneUIPlayground */,
			);
		};
/* End PBXProject section */

/* Begin PBXResourcesBuildPhase section */
		5757E6962508D57F00DD3ED0 /* Resources */ = {
			isa = PBXResourcesBuildPhase;
			buildActionMask = 2147483647;
			files = (
				C2ED35E025640C3E00891CA1 /* dm.wav in Resources */,
				C2ED35DF25640C3E00891CA1 /* rp.wav in Resources */,
				C24C92AC2D427E6E00DBD598 /* eliseb.wav in Resources */,
				C2EB572D2A14E797000DDC13 /* provisioning.xml in Resources */,
				C2ED35E125640C3E00891CA1 /* dd.wav in Resources */,
				C23B19F3251E213F00984B08 /* Main.storyboard in Resources */,
				5757E6A82508D58200DD3ED0 /* LaunchScreen.storyboard in Resources */,
				5757E6A52508D58200DD3ED0 /* Assets.xcassets in Resources */,
			);
			runOnlyForDeploymentPostprocessing = 0;
		};
		C2C3BEDC2C1ACDBD0024838A /* Resources */ = {
			isa = PBXResourcesBuildPhase;
			buildActionMask = 2147483647;
			files = (
			);
			runOnlyForDeploymentPostprocessing = 0;
		};
		F116FA162D367DE1003E3B15 /* Resources */ = {
			isa = PBXResourcesBuildPhase;
			buildActionMask = 2147483647;
			files = (
			);
			runOnlyForDeploymentPostprocessing = 0;
		};
/* End PBXResourcesBuildPhase section */

/* Begin PBXSourcesBuildPhase section */
		5757E6942508D57F00DD3ED0 /* Sources */ = {
			isa = PBXSourcesBuildPhase;
			buildActionMask = 2147483647;
			files = (
				F116F9FC2D3537DE003E3B15 /* UserRegistrationViewModel.swift in Sources */,
				F116F9E22D31909F003E3B15 /* CallDetailView.swift in Sources */,
				F116F9E02D318DC7003E3B15 /* SwitchFormItem.swift in Sources */,
				F116F9ED2D3513CB003E3B15 /* CircleButton.swift in Sources */,
				C2F000072C61F96C002E643C /* AudioRoutePickerProxy.swift in Sources */,
				F116FA0C2D355A39003E3B15 /* HomeViewModel.swift in Sources */,
				C214B4F62EE1E680006B6B47 /* VideoScreenView.swift in Sources */,
				F116FA2C2D36B4F4003E3B15 /* CallDetailViewModel.swift in Sources */,
				F116FA0F2D3563C7003E3B15 /* CallListViewModel.swift in Sources */,
				C214B4F82EE1E68E006B6B47 /* VideoViewModel.swift in Sources */,
				F116FA452D38071D003E3B15 /* CallSingleSelectionView.swift in Sources */,
				F116F9EA2D3484E6003E3B15 /* ToggleButton.swift in Sources */,
				F116FA502D395036003E3B15 /* CallTransferInputView.swift in Sources */,
				C2E9E54A2EF078800023D7FE /* VideoPreviewRepresentable.swift in Sources */,
				F16BA4102D7EDF45009A9823 /* ActiveCallHeader.swift in Sources */,
				F116F9E82D3481B3003E3B15 /* HomeView.swift in Sources */,
				C234E3262535956600EFA519 /* RegViewController.swift in Sources */,
				F116F9DD2D318CED003E3B15 /* LabelFormItem.swift in Sources */,
				F116F9EF2D352340003E3B15 /* SwiftUIPhoneViewController.swift in Sources */,
				C234E3282535957E00EFA519 /* CallViewController.swift in Sources */,
				C24BF2672538485300692D0C /* CallsDataSource.swift in Sources */,
				F116F9DA2D318675003E3B15 /* UserRegistrationView.swift in Sources */,
				C2AE94432EE9BB53009613CB /* VideoService.swift in Sources */,
				5757E69C2508D57F00DD3ED0 /* AppDelegate.swift in Sources */,
				C28857162A8E787F00E048F2 /* TargetPickerViewController.swift in Sources */,
				C2C3BEF12C1AEE190024838A /* NEAppPushManagerConfig.swift in Sources */,
				F116F9E42D347BA2003E3B15 /* CallListView.swift in Sources */,
				C22DA98D2EEABB5E00B68896 /* VideoViewRepresentable.swift in Sources */,
				F116FA072D354F66003E3B15 /* RegistrationService.swift in Sources */,
				C24BF269253853F700692D0C /* Extensions.swift in Sources */,
				C2C3BEEF2C1AEE050024838A /* NEAppPushManagerHandler.swift in Sources */,
				F116FA2E2D36D4CF003E3B15 /* CallActionButtons.swift in Sources */,
				F116F9F92D3528F8003E3B15 /* SwiftUIGateViewController.swift in Sources */,
				F116FA092D3559A0003E3B15 /* CallService.swift in Sources */,
			);
			runOnlyForDeploymentPostprocessing = 0;
		};
		C2C3BEDA2C1ACDBD0024838A /* Sources */ = {
			isa = PBXSourcesBuildPhase;
			buildActionMask = 2147483647;
			files = (
				C2C3BEE32C1ACDBD0024838A /* AppProxyProvider.swift in Sources */,
				C2313D362C246B090053F635 /* DemoAppPushProvider.swift in Sources */,
				C2313D3B2C246D820053F635 /* BundleExtensions.swift in Sources */,
			);
			runOnlyForDeploymentPostprocessing = 0;
		};
		F116FA142D367DE1003E3B15 /* Sources */ = {
			isa = PBXSourcesBuildPhase;
			buildActionMask = 2147483647;
			files = (
				F116FA512D395036003E3B15 /* CallTransferInputView.swift in Sources */,
				F16BA4112D7EDF58009A9823 /* ActiveCallHeader.swift in Sources */,
			);
			runOnlyForDeploymentPostprocessing = 0;
		};
/* End PBXSourcesBuildPhase section */

/* Begin PBXTargetDependency section */
		C2C3BEE72C1ACDBD0024838A /* PBXTargetDependency */ = {
			isa = PBXTargetDependency;
			target = C2C3BEDD2C1ACDBD0024838A /* NetworkExtensionSwiftPhone */;
			targetProxy = C2C3BEE62C1ACDBD0024838A /* PBXContainerItemProxy */;
		};
/* End PBXTargetDependency section */

/* Begin PBXVariantGroup section */
		5757E6A62508D58200DD3ED0 /* LaunchScreen.storyboard */ = {
			isa = PBXVariantGroup;
			children = (
				5757E6A72508D58200DD3ED0 /* Base */,
			);
			name = LaunchScreen.storyboard;
			sourceTree = "<group>";
		};
/* End PBXVariantGroup section */

/* Begin XCBuildConfiguration section */
		5757E6AA2508D58200DD3ED0 /* Debug */ = {
			isa = XCBuildConfiguration;
			buildSettings = {
				ALWAYS_SEARCH_USER_PATHS = NO;
				CLANG_ANALYZER_NONNULL = YES;
				CLANG_ANALYZER_NUMBER_OBJECT_CONVERSION = YES_AGGRESSIVE;
				CLANG_CXX_LANGUAGE_STANDARD = "gnu++14";
				CLANG_CXX_LIBRARY = "libc++";
				CLANG_ENABLE_MODULES = YES;
				CLANG_ENABLE_OBJC_ARC = YES;
				CLANG_ENABLE_OBJC_WEAK = YES;
				CLANG_WARN_BLOCK_CAPTURE_AUTORELEASING = YES;
				CLANG_WARN_BOOL_CONVERSION = YES;
				CLANG_WARN_COMMA = YES;
				CLANG_WARN_CONSTANT_CONVERSION = YES;
				CLANG_WARN_DEPRECATED_OBJC_IMPLEMENTATIONS = YES;
				CLANG_WARN_DIRECT_OBJC_ISA_USAGE = YES_ERROR;
				CLANG_WARN_DOCUMENTATION_COMMENTS = YES;
				CLANG_WARN_EMPTY_BODY = YES;
				CLANG_WARN_ENUM_CONVERSION = YES;
				CLANG_WARN_INFINITE_RECURSION = YES;
				CLANG_WARN_INT_CONVERSION = YES;
				CLANG_WARN_NON_LITERAL_NULL_CONVERSION = YES;
				CLANG_WARN_OBJC_IMPLICIT_RETAIN_SELF = YES;
				CLANG_WARN_OBJC_LITERAL_CONVERSION = YES;
				CLANG_WARN_OBJC_ROOT_CLASS = YES_ERROR;
				CLANG_WARN_QUOTED_INCLUDE_IN_FRAMEWORK_HEADER = YES;
				CLANG_WARN_RANGE_LOOP_ANALYSIS = YES;
				CLANG_WARN_STRICT_PROTOTYPES = YES;
				CLANG_WARN_SUSPICIOUS_MOVE = YES;
				CLANG_WARN_UNGUARDED_AVAILABILITY = YES_AGGRESSIVE;
				CLANG_WARN_UNREACHABLE_CODE = YES;
				CLANG_WARN__DUPLICATE_METHOD_MATCH = YES;
				COPY_PHASE_STRIP = NO;
				DEBUG_INFORMATION_FORMAT = dwarf;
				ENABLE_STRICT_OBJC_MSGSEND = YES;
				ENABLE_TESTABILITY = YES;
				GCC_C_LANGUAGE_STANDARD = gnu11;
				GCC_DYNAMIC_NO_PIC = NO;
				GCC_NO_COMMON_BLOCKS = YES;
				GCC_OPTIMIZATION_LEVEL = 0;
				GCC_PREPROCESSOR_DEFINITIONS = (
					"DEBUG=1",
					"$(inherited)",
				);
				GCC_WARN_64_TO_32_BIT_CONVERSION = YES;
				GCC_WARN_ABOUT_RETURN_TYPE = YES_ERROR;
				GCC_WARN_UNDECLARED_SELECTOR = YES;
				GCC_WARN_UNINITIALIZED_AUTOS = YES_AGGRESSIVE;
				GCC_WARN_UNUSED_FUNCTION = YES;
				GCC_WARN_UNUSED_VARIABLE = YES;
				IPHONEOS_DEPLOYMENT_TARGET = 13.2;
				MTL_ENABLE_DEBUG_INFO = INCLUDE_SOURCE;
				MTL_FAST_MATH = YES;
				ONLY_ACTIVE_ARCH = YES;
				SDKROOT = iphoneos;
				SWIFT_ACTIVE_COMPILATION_CONDITIONS = DEBUG;
				SWIFT_OPTIMIZATION_LEVEL = "-Onone";
			};
			name = Debug;
		};
		5757E6AB2508D58200DD3ED0 /* Release */ = {
			isa = XCBuildConfiguration;
			buildSettings = {
				ALWAYS_SEARCH_USER_PATHS = NO;
				CLANG_ANALYZER_NONNULL = YES;
				CLANG_ANALYZER_NUMBER_OBJECT_CONVERSION = YES_AGGRESSIVE;
				CLANG_CXX_LANGUAGE_STANDARD = "gnu++14";
				CLANG_CXX_LIBRARY = "libc++";
				CLANG_ENABLE_MODULES = YES;
				CLANG_ENABLE_OBJC_ARC = YES;
				CLANG_ENABLE_OBJC_WEAK = YES;
				CLANG_WARN_BLOCK_CAPTURE_AUTORELEASING = YES;
				CLANG_WARN_BOOL_CONVERSION = YES;
				CLANG_WARN_COMMA = YES;
				CLANG_WARN_CONSTANT_CONVERSION = YES;
				CLANG_WARN_DEPRECATED_OBJC_IMPLEMENTATIONS = YES;
				CLANG_WARN_DIRECT_OBJC_ISA_USAGE = YES_ERROR;
				CLANG_WARN_DOCUMENTATION_COMMENTS = YES;
				CLANG_WARN_EMPTY_BODY = YES;
				CLANG_WARN_ENUM_CONVERSION = YES;
				CLANG_WARN_INFINITE_RECURSION = YES;
				CLANG_WARN_INT_CONVERSION = YES;
				CLANG_WARN_NON_LITERAL_NULL_CONVERSION = YES;
				CLANG_WARN_OBJC_IMPLICIT_RETAIN_SELF = YES;
				CLANG_WARN_OBJC_LITERAL_CONVERSION = YES;
				CLANG_WARN_OBJC_ROOT_CLASS = YES_ERROR;
				CLANG_WARN_QUOTED_INCLUDE_IN_FRAMEWORK_HEADER = YES;
				CLANG_WARN_RANGE_LOOP_ANALYSIS = YES;
				CLANG_WARN_STRICT_PROTOTYPES = YES;
				CLANG_WARN_SUSPICIOUS_MOVE = YES;
				CLANG_WARN_UNGUARDED_AVAILABILITY = YES_AGGRESSIVE;
				CLANG_WARN_UNREACHABLE_CODE = YES;
				CLANG_WARN__DUPLICATE_METHOD_MATCH = YES;
				COPY_PHASE_STRIP = NO;
				DEBUG_INFORMATION_FORMAT = "dwarf-with-dsym";
				ENABLE_NS_ASSERTIONS = NO;
				ENABLE_STRICT_OBJC_MSGSEND = YES;
				GCC_C_LANGUAGE_STANDARD = gnu11;
				GCC_NO_COMMON_BLOCKS = YES;
				GCC_WARN_64_TO_32_BIT_CONVERSION = YES;
				GCC_WARN_ABOUT_RETURN_TYPE = YES_ERROR;
				GCC_WARN_UNDECLARED_SELECTOR = YES;
				GCC_WARN_UNINITIALIZED_AUTOS = YES_AGGRESSIVE;
				GCC_WARN_UNUSED_FUNCTION = YES;
				GCC_WARN_UNUSED_VARIABLE = YES;
				IPHONEOS_DEPLOYMENT_TARGET = 13.2;
				MTL_ENABLE_DEBUG_INFO = NO;
				MTL_FAST_MATH = YES;
				SDKROOT = iphoneos;
				SWIFT_COMPILATION_MODE = wholemodule;
				SWIFT_OPTIMIZATION_LEVEL = "-O";
				VALIDATE_PRODUCT = YES;
			};
			name = Release;
		};
		5757E6AD2508D58200DD3ED0 /* Debug */ = {
			isa = XCBuildConfiguration;
			buildSettings = {
				ALWAYS_EMBED_SWIFT_STANDARD_LIBRARIES = YES;
				ASSETCATALOG_COMPILER_APPICON_NAME = AppIcon;
				CODE_SIGN_ENTITLEMENTS = SwiftPhone/SwiftPhone.entitlements;
				CODE_SIGN_IDENTITY = "iPhone Developer";
				CODE_SIGN_STYLE = Manual;
				DEVELOPMENT_TEAM = NH3365YY44;
				ENABLE_BITCODE = NO;
				FRAMEWORK_SEARCH_PATHS = (
					"$(inherited)",
					"$(PROJECT_DIR)/../Frameworks",
				);
				GCC_ENABLE_CPP_RTTI = NO;
				INFOPLIST_FILE = SwiftPhone/Info.plist;
				IPHONEOS_DEPLOYMENT_TARGET = 16.0;
				LD_RUNPATH_SEARCH_PATHS = (
					"$(inherited)",
					"@executable_path/Frameworks",
				);
				PRODUCT_BUNDLE_IDENTIFIER = cz.acrobits.softphone.demophone;
				PRODUCT_NAME = "$(TARGET_NAME)";
				PROVISIONING_PROFILE_SPECIFIER = "Demophone devel";
				SWIFT_ACTIVE_COMPILATION_CONDITIONS = "DEBUG VIDEO_FEATURE";
				SWIFT_OBJC_BRIDGING_HEADER = "SwiftPhone/Bridge/SwiftPhone-Bridging-Header.h";
				SWIFT_VERSION = 5.0;
				TARGETED_DEVICE_FAMILY = 1;
			};
			name = Debug;
		};
		5757E6AE2508D58200DD3ED0 /* Release */ = {
			isa = XCBuildConfiguration;
			buildSettings = {
				ALWAYS_EMBED_SWIFT_STANDARD_LIBRARIES = YES;
				ASSETCATALOG_COMPILER_APPICON_NAME = AppIcon;
				CODE_SIGN_ENTITLEMENTS = SwiftPhone/SwiftPhone.entitlements;
				CODE_SIGN_IDENTITY = "iPhone Developer";
				CODE_SIGN_STYLE = Manual;
				DEVELOPMENT_TEAM = NH3365YY44;
				ENABLE_BITCODE = NO;
				FRAMEWORK_SEARCH_PATHS = (
					"$(inherited)",
					"$(PROJECT_DIR)/../Frameworks",
				);
				GCC_ENABLE_CPP_RTTI = NO;
				INFOPLIST_FILE = SwiftPhone/Info.plist;
				IPHONEOS_DEPLOYMENT_TARGET = 16.0;
				LD_RUNPATH_SEARCH_PATHS = (
					"$(inherited)",
					"@executable_path/Frameworks",
				);
				PRODUCT_BUNDLE_IDENTIFIER = cz.acrobits.softphone.demophone;
				PRODUCT_NAME = "$(TARGET_NAME)";
				PROVISIONING_PROFILE_SPECIFIER = "Demophone devel";
				SWIFT_OBJC_BRIDGING_HEADER = "SwiftPhone/Bridge/SwiftPhone-Bridging-Header.h";
				SWIFT_VERSION = 5.0;
				TARGETED_DEVICE_FAMILY = 1;
			};
			name = Release;
		};
		C2C3BEEA2C1ACDBD0024838A /* Debug */ = {
			isa = XCBuildConfiguration;
			buildSettings = {
				ASSETCATALOG_COMPILER_GENERATE_SWIFT_ASSET_SYMBOL_EXTENSIONS = YES;
				CLANG_CXX_LANGUAGE_STANDARD = "gnu++20";
				CODE_SIGN_ENTITLEMENTS = NetworkExtensionSwiftPhone/NetworkExtensionSwiftPhone.entitlements;
				CODE_SIGN_IDENTITY = "iPhone Developer";
				CODE_SIGN_STYLE = Manual;
				CURRENT_PROJECT_VERSION = 1;
				DEVELOPMENT_TEAM = "";
				"DEVELOPMENT_TEAM[sdk=iphoneos*]" = NH3365YY44;
				ENABLE_USER_SCRIPT_SANDBOXING = YES;
				GCC_C_LANGUAGE_STANDARD = gnu17;
				GENERATE_INFOPLIST_FILE = YES;
				INFOPLIST_FILE = NetworkExtensionSwiftPhone/Info.plist;
				INFOPLIST_KEY_CFBundleDisplayName = NetworkExtensionSwiftPhone;
				INFOPLIST_KEY_NSHumanReadableCopyright = "Copyright © 2024 Acrobits. All rights reserved.";
				IPHONEOS_DEPLOYMENT_TARGET = 17.5;
				LD_RUNPATH_SEARCH_PATHS = (
					"$(inherited)",
					"@executable_path/Frameworks",
					"@executable_path/../../Frameworks",
				);
				LOCALIZATION_PREFERS_STRING_CATALOGS = YES;
				MARKETING_VERSION = 1.0;
				PRODUCT_BUNDLE_IDENTIFIER = cz.acrobits.softphone.demophone.networkExt;
				PRODUCT_NAME = "$(TARGET_NAME)";
				PROVISIONING_PROFILE_SPECIFIER = "";
				"PROVISIONING_PROFILE_SPECIFIER[sdk=iphoneos*]" = "demophone networkExt";
				SKIP_INSTALL = YES;
				SWIFT_ACTIVE_COMPILATION_CONDITIONS = "DEBUG $(inherited)";
				SWIFT_EMIT_LOC_STRINGS = YES;
				SWIFT_VERSION = 5.0;
				TARGETED_DEVICE_FAMILY = "1,2";
			};
			name = Debug;
		};
		C2C3BEEB2C1ACDBD0024838A /* Release */ = {
			isa = XCBuildConfiguration;
			buildSettings = {
				ASSETCATALOG_COMPILER_GENERATE_SWIFT_ASSET_SYMBOL_EXTENSIONS = YES;
				CLANG_CXX_LANGUAGE_STANDARD = "gnu++20";
				CODE_SIGN_ENTITLEMENTS = NetworkExtensionSwiftPhone/NetworkExtensionSwiftPhone.entitlements;
				CODE_SIGN_IDENTITY = "iPhone Developer";
				CODE_SIGN_STYLE = Manual;
				CURRENT_PROJECT_VERSION = 1;
				DEVELOPMENT_TEAM = "";
				"DEVELOPMENT_TEAM[sdk=iphoneos*]" = NH3365YY44;
				ENABLE_USER_SCRIPT_SANDBOXING = YES;
				GCC_C_LANGUAGE_STANDARD = gnu17;
				GENERATE_INFOPLIST_FILE = YES;
				INFOPLIST_FILE = NetworkExtensionSwiftPhone/Info.plist;
				INFOPLIST_KEY_CFBundleDisplayName = NetworkExtensionSwiftPhone;
				INFOPLIST_KEY_NSHumanReadableCopyright = "Copyright © 2024 Acrobits. All rights reserved.";
				IPHONEOS_DEPLOYMENT_TARGET = 17.5;
				LD_RUNPATH_SEARCH_PATHS = (
					"$(inherited)",
					"@executable_path/Frameworks",
					"@executable_path/../../Frameworks",
				);
				LOCALIZATION_PREFERS_STRING_CATALOGS = YES;
				MARKETING_VERSION = 1.0;
				PRODUCT_BUNDLE_IDENTIFIER = cz.acrobits.softphone.demophone.networkExt;
				PRODUCT_NAME = "$(TARGET_NAME)";
				PROVISIONING_PROFILE_SPECIFIER = "";
				"PROVISIONING_PROFILE_SPECIFIER[sdk=iphoneos*]" = "demophone networkExt";
				SKIP_INSTALL = YES;
				SWIFT_EMIT_LOC_STRINGS = YES;
				SWIFT_VERSION = 5.0;
				TARGETED_DEVICE_FAMILY = "1,2";
			};
			name = Release;
		};
		F116FA242D367DE3003E3B15 /* Debug */ = {
			isa = XCBuildConfiguration;
			buildSettings = {
				ASSETCATALOG_COMPILER_APPICON_NAME = AppIcon;
				ASSETCATALOG_COMPILER_GENERATE_SWIFT_ASSET_SYMBOL_EXTENSIONS = YES;
				ASSETCATALOG_COMPILER_GLOBAL_ACCENT_COLOR_NAME = AccentColor;
				CLANG_CXX_LANGUAGE_STANDARD = "gnu++20";
				CODE_SIGN_STYLE = Automatic;
				CURRENT_PROJECT_VERSION = 1;
				DEVELOPMENT_ASSET_PATHS = "\"SwiftPhoneUIPlayground/Preview Content\"";
				ENABLE_PREVIEWS = YES;
				ENABLE_USER_SCRIPT_SANDBOXING = YES;
				GCC_C_LANGUAGE_STANDARD = gnu17;
				GENERATE_INFOPLIST_FILE = YES;
				INFOPLIST_KEY_UIApplicationSceneManifest_Generation = YES;
				INFOPLIST_KEY_UIApplicationSupportsIndirectInputEvents = YES;
				INFOPLIST_KEY_UILaunchScreen_Generation = YES;
				INFOPLIST_KEY_UISupportedInterfaceOrientations_iPad = "UIInterfaceOrientationPortrait UIInterfaceOrientationPortraitUpsideDown UIInterfaceOrientationLandscapeLeft UIInterfaceOrientationLandscapeRight";
				INFOPLIST_KEY_UISupportedInterfaceOrientations_iPhone = "UIInterfaceOrientationPortrait UIInterfaceOrientationLandscapeLeft UIInterfaceOrientationLandscapeRight";
				IPHONEOS_DEPLOYMENT_TARGET = 18.1;
				LD_RUNPATH_SEARCH_PATHS = (
					"$(inherited)",
					"@executable_path/Frameworks",
				);
				LOCALIZATION_PREFERS_STRING_CATALOGS = YES;
				MARKETING_VERSION = 1.0;
				PRODUCT_BUNDLE_IDENTIFIER = cz.acrobits.softphone.SwiftPhoneUIPlayground;
				PRODUCT_NAME = "$(TARGET_NAME)";
				SWIFT_ACTIVE_COMPILATION_CONDITIONS = "DEBUG $(inherited)";
				SWIFT_EMIT_LOC_STRINGS = YES;
				SWIFT_VERSION = 5.0;
				TARGETED_DEVICE_FAMILY = "1,2";
			};
			name = Debug;
		};
		F116FA252D367DE3003E3B15 /* Release */ = {
			isa = XCBuildConfiguration;
			buildSettings = {
				ASSETCATALOG_COMPILER_APPICON_NAME = AppIcon;
				ASSETCATALOG_COMPILER_GENERATE_SWIFT_ASSET_SYMBOL_EXTENSIONS = YES;
				ASSETCATALOG_COMPILER_GLOBAL_ACCENT_COLOR_NAME = AccentColor;
				CLANG_CXX_LANGUAGE_STANDARD = "gnu++20";
				CODE_SIGN_STYLE = Automatic;
				CURRENT_PROJECT_VERSION = 1;
				DEVELOPMENT_ASSET_PATHS = "\"SwiftPhoneUIPlayground/Preview Content\"";
				ENABLE_PREVIEWS = YES;
				ENABLE_USER_SCRIPT_SANDBOXING = YES;
				GCC_C_LANGUAGE_STANDARD = gnu17;
				GENERATE_INFOPLIST_FILE = YES;
				INFOPLIST_KEY_UIApplicationSceneManifest_Generation = YES;
				INFOPLIST_KEY_UIApplicationSupportsIndirectInputEvents = YES;
				INFOPLIST_KEY_UILaunchScreen_Generation = YES;
				INFOPLIST_KEY_UISupportedInterfaceOrientations_iPad = "UIInterfaceOrientationPortrait UIInterfaceOrientationPortraitUpsideDown UIInterfaceOrientationLandscapeLeft UIInterfaceOrientationLandscapeRight";
				INFOPLIST_KEY_UISupportedInterfaceOrientations_iPhone = "UIInterfaceOrientationPortrait UIInterfaceOrientationLandscapeLeft UIInterfaceOrientationLandscapeRight";
				IPHONEOS_DEPLOYMENT_TARGET = 18.1;
				LD_RUNPATH_SEARCH_PATHS = (
					"$(inherited)",
					"@executable_path/Frameworks",
				);
				LOCALIZATION_PREFERS_STRING_CATALOGS = YES;
				MARKETING_VERSION = 1.0;
				PRODUCT_BUNDLE_IDENTIFIER = cz.acrobits.softphone.SwiftPhoneUIPlayground;
				PRODUCT_NAME = "$(TARGET_NAME)";
				SWIFT_EMIT_LOC_STRINGS = YES;
				SWIFT_VERSION = 5.0;
				TARGETED_DEVICE_FAMILY = "1,2";
			};
			name = Release;
		};
/* End XCBuildConfiguration section */

/* Begin XCConfigurationList section */
		5757E6932508D57F00DD3ED0 /* Build configuration list for PBXProject "SwiftPhone" */ = {
			isa = XCConfigurationList;
			buildConfigurations = (
				5757E6AA2508D58200DD3ED0 /* Debug */,
				5757E6AB2508D58200DD3ED0 /* Release */,
			);
			defaultConfigurationIsVisible = 0;
			defaultConfigurationName = Release;
		};
		5757E6AC2508D58200DD3ED0 /* Build configuration list for PBXNativeTarget "SwiftPhone" */ = {
			isa = XCConfigurationList;
			buildConfigurations = (
				5757E6AD2508D58200DD3ED0 /* Debug */,
				5757E6AE2508D58200DD3ED0 /* Release */,
			);
			defaultConfigurationIsVisible = 0;
			defaultConfigurationName = Release;
		};
		C2C3BEE92C1ACDBD0024838A /* Build configuration list for PBXNativeTarget "NetworkExtensionSwiftPhone" */ = {
			isa = XCConfigurationList;
			buildConfigurations = (
				C2C3BEEA2C1ACDBD0024838A /* Debug */,
				C2C3BEEB2C1ACDBD0024838A /* Release */,
			);
			defaultConfigurationIsVisible = 0;
			defaultConfigurationName = Release;
		};
		F116FA232D367DE3003E3B15 /* Build configuration list for PBXNativeTarget "SwiftPhoneUIPlayground" */ = {
			isa = XCConfigurationList;
			buildConfigurations = (
				F116FA242D367DE3003E3B15 /* Debug */,
				F116FA252D367DE3003E3B15 /* Release */,
			);
			defaultConfigurationIsVisible = 0;
			defaultConfigurationName = Release;
		};
/* End XCConfigurationList section */

/* Begin XCRemoteSwiftPackageReference section */
		C218F46F2D0C64C6000FCA01 /* XCRemoteSwiftPackageReference "SwiftPackage-sipisprovider" */ = {
			isa = XCRemoteSwiftPackageReference;
			repositoryURL = "https://github.com/acrobits/SwiftPackage-sipisprovider";
			requirement = {
				kind = upToNextMajorVersion;
				minimumVersion = 1.0.0;
			};
		};
		C2BF95E82EF47B9E00307AD4 /* XCRemoteSwiftPackageReference "SoftphoneSwiftPackage-saas-video" */ = {
			isa = XCRemoteSwiftPackageReference;
			repositoryURL = "https://github.com/acrobits/SoftphoneSwiftPackage-saas-video";
			requirement = {
				kind = upToNextMajorVersion;
				minimumVersion = 25.3.2;
			};
		};
/* End XCRemoteSwiftPackageReference section */

/* Begin XCSwiftPackageProductDependency section */
		C218F4702D0C64C6000FCA01 /* SwiftPackage-sipisprovider */ = {
			isa = XCSwiftPackageProductDependency;
			package = C218F46F2D0C64C6000FCA01 /* XCRemoteSwiftPackageReference "SwiftPackage-sipisprovider" */;
			productName = "SwiftPackage-sipisprovider";
		};
		C2BF95E92EF47B9E00307AD4 /* SoftphoneSwiftPackage-saas-video */ = {
			isa = XCSwiftPackageProductDependency;
			package = C2BF95E82EF47B9E00307AD4 /* XCRemoteSwiftPackageReference "SoftphoneSwiftPackage-saas-video" */;
			productName = "SoftphoneSwiftPackage-saas-video";
		};
/* End XCSwiftPackageProductDependency section */
	};
	rootObject = 5757E6902508D57F00DD3ED0 /* Project object */;
}
